// !$*UTF8*$!
{
	archiveVersion = 1;
	classes = {
	};
	objectVersion = 45;
	objects = {

/* Begin PBXBuildFile section */
		053ACC0B9AF93FE618B338DE /* tSurface.cpp in Sources */ = {isa = PBXBuildFile; fileRef = 0CC3E156EE25E95E293F95D7 /* tSurface.cpp */; };
		0696DA8AFE2E9583589FA40B /* CarouselApp.mm in Sources */ = {isa = PBXBuildFile; fileRef = F7B020F2A9F4165F16A768DA /* CarouselApp.mm */; };
		0E951170AD1B9B5EAF460872 /* MobileCoreServices.framework in Frameworks */ = {isa = PBXBuildFile; fileRef = E02332AA60F58AAB6B97DC12 /* MobileCoreServices.framework */; };
		1668280A84362F0F4536EB8D /* 3px.png in Resources */ = {isa = PBXBuildFile; fileRef = 26DDCB681437B061CC738085 /* 3px.png */; };
		1FC763828CE41F3495799DDA /* CoreLocation.framework in Frameworks */ = {isa = PBXBuildFile; fileRef = 36B9BB59098BFBAEBAAF0D4F /* CoreLocation.framework */; };
		21C0CE70FA94F2180FC6E089 /* Default-568h@2x.png in Resources */ = {isa = PBXBuildFile; fileRef = 4F71A32943E24D83BEFA7EBF /* Default-568h@2x.png */; };
		23563FECFBE83940BD1CC6D9 /* tTimer.cpp in Sources */ = {isa = PBXBuildFile; fileRef = D9B0A6D8A72ADF3549326861 /* tTimer.cpp */; };
		28F0FECF3D546568D37347C4 /* AddressBook.framework in Frameworks */ = {isa = PBXBuildFile; fileRef = 4C7EBE166A7BA31065E473BE /* AddressBook.framework */; };
		2C9C70414D65B81FC648DD4B /* tTimerPeer.mm in Sources */ = {isa = PBXBuildFile; fileRef = 4D9FA1E6EB10178AA38280BB /* tTimerPeer.mm */; };
		35FE3A8379287F601418C6F6 /* colororange.png in Resources */ = {isa = PBXBuildFile; fileRef = D497811BCE323EC976273F46 /* colororange.png */; };
		3611586D568D70AAA2545D88 /* CFNetwork.framework in Frameworks */ = {isa = PBXBuildFile; fileRef = 13E1A600EFE89EB38952FF6A /* CFNetwork.framework */; };
		3DDB576316C75C81653458C7 /* tFile.mm in Sources */ = {isa = PBXBuildFile; fileRef = A0D5F599AE16E9F133784B44 /* tFile.mm */; };
		47E2B3651A3C93A183285B78 /* eraser.png in Resources */ = {isa = PBXBuildFile; fileRef = 332C24A952E9CEB25A248506 /* eraser.png */; };
		4934F04117FAAB36FF741153 /* tShader.cpp in Sources */ = {isa = PBXBuildFile; fileRef = 5BBD9CAC67E564067E0BF48E /* tShader.cpp */; };
		51D26DA02801A898D3A3FCAF /* spritesheet.frag in Resources */ = {isa = PBXBuildFile; fileRef = 44DC6FEE6667EBB686994F2E /* spritesheet.frag */; };
		5767D4C263C8D5547285E06F /* colorblack.png in Resources */ = {isa = PBXBuildFile; fileRef = DBE2ABE2FAABA06ADC720193 /* colorblack.png */; };
		5A5DA4A409A336F1B78B807F /* Default.png in Resources */ = {isa = PBXBuildFile; fileRef = 6997A9EFF90543E0BC776C03 /* Default.png */; };
		5F6541C8D51635AC9237710C /* libCordova.a in Frameworks */ = {isa = PBXBuildFile; fileRef = 36C27AEF64708CAD6E226A73 /* libCordova.a */; };
		63DC7A8040D9308B4B0182F5 /* tPixelFormat.cpp in Sources */ = {isa = PBXBuildFile; fileRef = 751E5849B1D2F45943D9AA41 /* tPixelFormat.cpp */; };
		66BFE7B0CC4E4C799A8F015E /* ActionSheetStringPicker.m in Sources */ = {isa = PBXBuildFile; fileRef = A54E18BD006DADD51C86D0DA /* ActionSheetStringPicker.m */; };
		685692D4D81F5B687E483548 /* AVFoundation.framework in Frameworks */ = {isa = PBXBuildFile; fileRef = 23220E27307FB5D1A6DF5408 /* AVFoundation.framework */; };
		6D1F0E3F6B85EE9A50C5170D /* OpenGLView.mm in Sources */ = {isa = PBXBuildFile; fileRef = CD0D36C6C8902282D777D6AD /* OpenGLView.mm */; };
		6EFF1DB9802810DB57C8C2F9 /* AddressBookUI.framework in Frameworks */ = {isa = PBXBuildFile; fileRef = DE51930D45C7F7A2B526FB44 /* AddressBookUI.framework */; };
		7764828D4A2BC4A611D8E6DB /* OpenGLES.framework in Frameworks */ = {isa = PBXBuildFile; fileRef = 47AAFC765076834D2975AB48 /* OpenGLES.framework */; };
		78E90D01709984A28E8D0F90 /* trash.png in Resources */ = {isa = PBXBuildFile; fileRef = B5788613E3DB7D0A78F85E6A /* trash.png */; };
		805A304F188D00A98CD4EC10 /* MediaPlayer.framework in Frameworks */ = {isa = PBXBuildFile; fileRef = C10205A2E5136180F5785AD0 /* MediaPlayer.framework */; };
		845601A6B2E0A4FC1AC9BC08 /* spritesheet.vert in Resources */ = {isa = PBXBuildFile; fileRef = 69EBC921CA0D9C8A7C8E0295 /* spritesheet.vert */; };
		870883FE1795E7FBF828FC44 /* tTexture.cpp in Sources */ = {isa = PBXBuildFile; fileRef = E9423167F2DEAC4A6A8D2506 /* tTexture.cpp */; };
		8CAE1205024F1B999AFBCAEE /* 5px.png in Resources */ = {isa = PBXBuildFile; fileRef = 3E226F3C0B3681BCED2CAE34 /* 5px.png */; };
		8E26EC27430AA842D56926D6 /* InfoPlist.strings in Resources */ = {isa = PBXBuildFile; fileRef = F21B7D51AA0AA14F9E1D3A44 /* InfoPlist.strings */; };
		907685D87916662CFF92274B /* AbstractActionSheetPicker.m in Sources */ = {isa = PBXBuildFile; fileRef = 5C11204B048839C8491149F7 /* AbstractActionSheetPicker.m */; };
		A588C9889299CF38F5BEBACB /* GoToken.png in Resources */ = {isa = PBXBuildFile; fileRef = DA272714B13F51196D62056E /* GoToken.png */; };
		A8BC67394886865FFCD9B15F /* GCICallcast.mm in Sources */ = {isa = PBXBuildFile; fileRef = 2C4F3C5A60393426A1C2219A /* GCICallcast.mm */; };
		AD9D1AD38622C16CD330E71C /* 1px.png in Resources */ = {isa = PBXBuildFile; fileRef = 4990E99D9957285C2D5C340E /* 1px.png */; };
		ADDEDF0E69D07C2BD59D6451 /* GoToken-114.png in Resources */ = {isa = PBXBuildFile; fileRef = 10A56C3FFAE6B193FC34E5A7 /* GoToken-114.png */; };
		AE9ACC78D33BEFD8E9864C46 /* www in Resources */ = {isa = PBXBuildFile; fileRef = 97C9FE707DD80D7A97954D07 /* www */; };
		B3D20BF9081AA66F81E70A80 /* AddWhiteboard.png in Resources */ = {isa = PBXBuildFile; fileRef = 8015A700CE8DB2E0D6435C30 /* AddWhiteboard.png */; };
		B942AC9EB918EDDAB27C9F30 /* Default@2x.png in Resources */ = {isa = PBXBuildFile; fileRef = 98BAB634E3A0DED1936DAA0C /* Default@2x.png */; };
		B97DA98F2045A09D40F8DD96 /* colorred.png in Resources */ = {isa = PBXBuildFile; fileRef = 356C009D292B2077E6FA7A8D /* colorred.png */; };
		BF52FC3FCC3CC9F659FB6D1C /* Foundation.framework in Frameworks */ = {isa = PBXBuildFile; fileRef = 5C319FC64CA65D3CC431D8F2 /* Foundation.framework */; };
		C39B7833B6DF6FDE122BCFBC /* tProgram.cpp in Sources */ = {isa = PBXBuildFile; fileRef = 7002561CA20BE1C43EA3D583 /* tProgram.cpp */; };
		C5D00BBE131314AC60AC1AD1 /* tSurfacePeer.mm in Sources */ = {isa = PBXBuildFile; fileRef = 0891C4707C2B8B12D8502671 /* tSurfacePeer.mm */; };
		C6FF622EFAF235D66419D852 /* SystemConfiguration.framework in Frameworks */ = {isa = PBXBuildFile; fileRef = 5AA2B0CA9C6F2A0AC505DF5F /* SystemConfiguration.framework */; };
		C7B6E72FC7C68CB4429E29A3 /* carouselarrowright.png in Resources */ = {isa = PBXBuildFile; fileRef = 65CB0F52721DC64654E7C11F /* carouselarrowright.png */; };
		C92AE675C74F93D49BB92ECC /* GoToken-57.png in Resources */ = {isa = PBXBuildFile; fileRef = 4A73EE27124A45ED7D808100 /* GoToken-57.png */; };
		CC838BA0048D0236AA288157 /* main.mm in Sources */ = {isa = PBXBuildFile; fileRef = 4BE1C0F69260A7EEDC852877 /* main.mm */; };
		CD9C178F7553D147F76933E0 /* Spot.mm in Sources */ = {isa = PBXBuildFile; fileRef = 4ECD7B6C765FB5DF6FB0CD88 /* Spot.mm */; };
		D00EE6CD966A0DC75B3D0C62 /* colorblue.png in Resources */ = {isa = PBXBuildFile; fileRef = 0118141FAC902E17292576F2 /* colorblue.png */; };
		D0E5413C07DDB7254DD159A7 /* carouselarrowleft.png in Resources */ = {isa = PBXBuildFile; fileRef = 34CD9D9FAC83CD31668B263B /* carouselarrowleft.png */; };
		D4E1C43818321561E81EA0C7 /* AppDelegate.mm in Sources */ = {isa = PBXBuildFile; fileRef = 8C1227C47EECDD052FCA81A3 /* AppDelegate.mm */; };
		D4E816E6FF9BC2119D5CC5CA /* ViewController.mm in Sources */ = {isa = PBXBuildFile; fileRef = 48FCE3F3B24CF4E016427BEF /* ViewController.mm */; };
		D72502C6E61F14BD236D26F7 /* CoreMedia.framework in Frameworks */ = {isa = PBXBuildFile; fileRef = 115707312888D9C2956F7016 /* CoreMedia.framework */; };
		E4DA3E6AA3E08035948461A5 /* UIKit.framework in Frameworks */ = {isa = PBXBuildFile; fileRef = A4A0D62AC2A544D852D3B390 /* UIKit.framework */; };
		EBE291694997E7749114EB1A /* AudioToolbox.framework in Frameworks */ = {isa = PBXBuildFile; fileRef = E589DD1A9136326254525265 /* AudioToolbox.framework */; };
		F5A10B6C6516398EA00205D7 /* 10px.png in Resources */ = {isa = PBXBuildFile; fileRef = 8F49BFEEBAE847CBC37DDE3D /* 10px.png */; };
		F6DF6E35AD9A94E4D9070845 /* MainViewController.xib in Resources */ = {isa = PBXBuildFile; fileRef = 7E9B8B24CC16CC0972827DE3 /* MainViewController.xib */; };
		F746E74AD435693462062677 /* WhiteboardSpot.mm in Sources */ = {isa = PBXBuildFile; fileRef = AEB6D511FAEDB0434E3C8E30 /* WhiteboardSpot.mm */; };
		F8B50F166B1AC5C4A33A4234 /* QuartzCore.framework in Frameworks */ = {isa = PBXBuildFile; fileRef = 8404188F18B0D9D6F5EABDF5 /* QuartzCore.framework */; };
		FC0345202E2208FF11042105 /* Cordova.plist in Resources */ = {isa = PBXBuildFile; fileRef = EABD61932C3384ABA83C8994 /* Cordova.plist */; };
		FC970A7A3A353509247A4F5E /* CoreGraphics.framework in Frameworks */ = {isa = PBXBuildFile; fileRef = 6AE8E48BA87416A9973D1805 /* CoreGraphics.framework */; };
/* End PBXBuildFile section */

/* Begin PBXFileReference section */
		00CAAF9E7F929D083DDEE55B /* tShader.h */ = {isa = PBXFileReference; lastKnownFileType = sourcecode.c.h; path = tShader.h; sourceTree = "<group>"; };
		0118141FAC902E17292576F2 /* colorblue.png */ = {isa = PBXFileReference; lastKnownFileType = image.png; path = colorblue.png; sourceTree = "<group>"; };
		0149DB92B3E5D0E05152F58E /* tInputManager.h */ = {isa = PBXFileReference; lastKnownFileType = sourcecode.c.h; path = tInputManager.h; sourceTree = "<group>"; };
		0891C4707C2B8B12D8502671 /* tSurfacePeer.mm */ = {isa = PBXFileReference; lastKnownFileType = sourcecode.cpp.objcpp; path = tSurfacePeer.mm; sourceTree = "<group>"; };
		0C6397884E7524698B270C44 /* tFile.h */ = {isa = PBXFileReference; lastKnownFileType = sourcecode.c.h; path = tFile.h; sourceTree = "<group>"; };
		0CC3E156EE25E95E293F95D7 /* tSurface.cpp */ = {isa = PBXFileReference; lastKnownFileType = sourcecode.cpp.cpp; path = tSurface.cpp; sourceTree = "<group>"; };
		10A56C3FFAE6B193FC34E5A7 /* GoToken-114.png */ = {isa = PBXFileReference; lastKnownFileType = image.png; path = "GoToken-114.png"; sourceTree = "<group>"; };
		115707312888D9C2956F7016 /* CoreMedia.framework */ = {isa = PBXFileReference; lastKnownFileType = wrapper.framework; name = CoreMedia.framework; path = System/Library/Frameworks/CoreMedia.framework; sourceTree = SDKROOT; };
		13E1A600EFE89EB38952FF6A /* CFNetwork.framework */ = {isa = PBXFileReference; lastKnownFileType = wrapper.framework; name = CFNetwork.framework; path = System/Library/Frameworks/CFNetwork.framework; sourceTree = SDKROOT; };
		19689C1BA21CDE032048BD6B /* common.gypi */ = {isa = PBXFileReference; lastKnownFileType = text; path = common.gypi; sourceTree = "<group>"; };
		23220E27307FB5D1A6DF5408 /* AVFoundation.framework */ = {isa = PBXFileReference; lastKnownFileType = wrapper.framework; name = AVFoundation.framework; path = System/Library/Frameworks/AVFoundation.framework; sourceTree = SDKROOT; };
		25EB18EAA7E5D13D89C49188 /* tSurface.h */ = {isa = PBXFileReference; lastKnownFileType = sourcecode.c.h; path = tSurface.h; sourceTree = "<group>"; };
		26DDCB681437B061CC738085 /* 3px.png */ = {isa = PBXFileReference; lastKnownFileType = image.png; path = 3px.png; sourceTree = "<group>"; };
		2AA3880B012941760DA8A2E6 /* tTimer.h */ = {isa = PBXFileReference; lastKnownFileType = sourcecode.c.h; path = tTimer.h; sourceTree = "<group>"; };
		2C4F3C5A60393426A1C2219A /* GCICallcast.mm */ = {isa = PBXFileReference; lastKnownFileType = sourcecode.cpp.objcpp; path = GCICallcast.mm; sourceTree = "<group>"; };
		2FA731572E05D05601D4C3F6 /* package.h */ = {isa = PBXFileReference; lastKnownFileType = sourcecode.c.h; path = package.h; sourceTree = "<group>"; };
		32DEAEB10DFF001670EA1320 /* tTouchEvent.h */ = {isa = PBXFileReference; lastKnownFileType = sourcecode.c.h; path = tTouchEvent.h; sourceTree = "<group>"; };
		332C24A952E9CEB25A248506 /* eraser.png */ = {isa = PBXFileReference; lastKnownFileType = image.png; path = eraser.png; sourceTree = "<group>"; };
		34CD9D9FAC83CD31668B263B /* carouselarrowleft.png */ = {isa = PBXFileReference; lastKnownFileType = image.png; path = carouselarrowleft.png; sourceTree = "<group>"; };
		356C009D292B2077E6FA7A8D /* colorred.png */ = {isa = PBXFileReference; lastKnownFileType = image.png; path = colorred.png; sourceTree = "<group>"; };
		36B9BB59098BFBAEBAAF0D4F /* CoreLocation.framework */ = {isa = PBXFileReference; lastKnownFileType = wrapper.framework; name = CoreLocation.framework; path = System/Library/Frameworks/CoreLocation.framework; sourceTree = SDKROOT; };
		36C27AEF64708CAD6E226A73 /* libCordova.a */ = {isa = PBXFileReference; lastKnownFileType = archive.ar; name = libCordova.a; path = "../../third-party/CordovaLib/lib/$(CURRENT_ARCH)/debug/libCordova.a"; sourceTree = "<group>"; };
		38BB5D414C41E61979257439 /* tTimerPeer.h */ = {isa = PBXFileReference; lastKnownFileType = sourcecode.c.h; path = tTimerPeer.h; sourceTree = "<group>"; };
		3E226F3C0B3681BCED2CAE34 /* 5px.png */ = {isa = PBXFileReference; lastKnownFileType = image.png; path = 5px.png; sourceTree = "<group>"; };
		44DC6FEE6667EBB686994F2E /* spritesheet.frag */ = {isa = PBXFileReference; lastKnownFileType = text; path = spritesheet.frag; sourceTree = "<group>"; };
		47AAFC765076834D2975AB48 /* OpenGLES.framework */ = {isa = PBXFileReference; lastKnownFileType = wrapper.framework; name = OpenGLES.framework; path = System/Library/Frameworks/OpenGLES.framework; sourceTree = SDKROOT; };
		48FCE3F3B24CF4E016427BEF /* ViewController.mm */ = {isa = PBXFileReference; lastKnownFileType = sourcecode.cpp.objcpp; path = ViewController.mm; sourceTree = "<group>"; };
		4990E99D9957285C2D5C340E /* 1px.png */ = {isa = PBXFileReference; lastKnownFileType = image.png; path = 1px.png; sourceTree = "<group>"; };
		4A73EE27124A45ED7D808100 /* GoToken-57.png */ = {isa = PBXFileReference; lastKnownFileType = image.png; path = "GoToken-57.png"; sourceTree = "<group>"; };
		4BE1C0F69260A7EEDC852877 /* main.mm */ = {isa = PBXFileReference; lastKnownFileType = sourcecode.cpp.objcpp; path = main.mm; sourceTree = "<group>"; };
		4C7EBE166A7BA31065E473BE /* AddressBook.framework */ = {isa = PBXFileReference; lastKnownFileType = wrapper.framework; name = AddressBook.framework; path = System/Library/Frameworks/AddressBook.framework; sourceTree = SDKROOT; };
		4D9FA1E6EB10178AA38280BB /* tTimerPeer.mm */ = {isa = PBXFileReference; lastKnownFileType = sourcecode.cpp.objcpp; path = tTimerPeer.mm; sourceTree = "<group>"; };
		4ECD7B6C765FB5DF6FB0CD88 /* Spot.mm */ = {isa = PBXFileReference; lastKnownFileType = sourcecode.cpp.objcpp; path = Spot.mm; sourceTree = "<group>"; };
		4F71A32943E24D83BEFA7EBF /* Default-568h@2x.png */ = {isa = PBXFileReference; lastKnownFileType = image.png; path = "Default-568h@2x.png"; sourceTree = "<group>"; };
		4FE637FE8AD6F708D5282A92 /* package.h */ = {isa = PBXFileReference; lastKnownFileType = sourcecode.c.h; path = package.h; sourceTree = "<group>"; };
		550BF9B436405D132651601F /* CallcastEvent.h */ = {isa = PBXFileReference; lastKnownFileType = sourcecode.c.h; path = CallcastEvent.h; sourceTree = "<group>"; };
		5AA2B0CA9C6F2A0AC505DF5F /* SystemConfiguration.framework */ = {isa = PBXFileReference; lastKnownFileType = wrapper.framework; name = SystemConfiguration.framework; path = System/Library/Frameworks/SystemConfiguration.framework; sourceTree = SDKROOT; };
		5BBD9CAC67E564067E0BF48E /* tShader.cpp */ = {isa = PBXFileReference; lastKnownFileType = sourcecode.cpp.cpp; path = tShader.cpp; sourceTree = "<group>"; };
		5C11204B048839C8491149F7 /* AbstractActionSheetPicker.m */ = {isa = PBXFileReference; lastKnownFileType = sourcecode.c.objc; path = AbstractActionSheetPicker.m; sourceTree = "<group>"; };
		5C319FC64CA65D3CC431D8F2 /* Foundation.framework */ = {isa = PBXFileReference; lastKnownFileType = wrapper.framework; name = Foundation.framework; path = System/Library/Frameworks/Foundation.framework; sourceTree = SDKROOT; };
		60F637D090BA98AD306435AE /* tTexture.h */ = {isa = PBXFileReference; lastKnownFileType = sourcecode.c.h; path = tTexture.h; sourceTree = "<group>"; };
		640106BD5F9FC83D37EC0DA2 /* CarouselApp.h */ = {isa = PBXFileReference; lastKnownFileType = sourcecode.c.h; path = CarouselApp.h; sourceTree = "<group>"; };
		65CB0F52721DC64654E7C11F /* carouselarrowright.png */ = {isa = PBXFileReference; lastKnownFileType = image.png; path = carouselarrowright.png; sourceTree = "<group>"; };
		6997A9EFF90543E0BC776C03 /* Default.png */ = {isa = PBXFileReference; lastKnownFileType = image.png; path = Default.png; sourceTree = "<group>"; };
		69EBC921CA0D9C8A7C8E0295 /* spritesheet.vert */ = {isa = PBXFileReference; lastKnownFileType = text; path = spritesheet.vert; sourceTree = "<group>"; };
		6AE8E48BA87416A9973D1805 /* CoreGraphics.framework */ = {isa = PBXFileReference; lastKnownFileType = wrapper.framework; name = CoreGraphics.framework; path = System/Library/Frameworks/CoreGraphics.framework; sourceTree = SDKROOT; };
		7002561CA20BE1C43EA3D583 /* tProgram.cpp */ = {isa = PBXFileReference; lastKnownFileType = sourcecode.cpp.cpp; path = tProgram.cpp; sourceTree = "<group>"; };
		751E5849B1D2F45943D9AA41 /* tPixelFormat.cpp */ = {isa = PBXFileReference; lastKnownFileType = sourcecode.cpp.cpp; path = tPixelFormat.cpp; sourceTree = "<group>"; };
		7909122DB4B04A7E116D98B9 /* ViewController.h */ = {isa = PBXFileReference; lastKnownFileType = sourcecode.c.h; path = ViewController.h; sourceTree = "<group>"; };
		7AFA4BC5698C4AF70021CCC3 /* AbstractActionSheetPicker.h */ = {isa = PBXFileReference; lastKnownFileType = sourcecode.c.h; path = AbstractActionSheetPicker.h; sourceTree = "<group>"; };
		8015A700CE8DB2E0D6435C30 /* AddWhiteboard.png */ = {isa = PBXFileReference; lastKnownFileType = image.png; path = AddWhiteboard.png; sourceTree = "<group>"; };
		8114DD2B8868576CF1B2BC94 /* en */ = {isa = PBXFileReference; lastKnownFileType = text.plist.strings; name = en; path = en.lproj/InfoPlist.strings; sourceTree = "<group>"; };
		821AC1D41753F433B55CCBF3 /* Carousel.app */ = {isa = PBXFileReference; explicitFileType = wrapper.application; includeInIndex = 0; path = Carousel.app; sourceTree = BUILT_PRODUCTS_DIR; };
		8404188F18B0D9D6F5EABDF5 /* QuartzCore.framework */ = {isa = PBXFileReference; lastKnownFileType = wrapper.framework; name = QuartzCore.framework; path = System/Library/Frameworks/QuartzCore.framework; sourceTree = SDKROOT; };
		89333BE68E1BA200E6359EF6 /* Carousel.gyp */ = {isa = PBXFileReference; lastKnownFileType = text; path = Carousel.gyp; sourceTree = "<group>"; };
		896EDE3AFE5AADA54C07A93F /* WhiteboardEvent.h */ = {isa = PBXFileReference; lastKnownFileType = sourcecode.c.h; path = WhiteboardEvent.h; sourceTree = "<group>"; };
		8BE893D7B0F8E776EF23B682 /* package.h */ = {isa = PBXFileReference; lastKnownFileType = sourcecode.c.h; path = package.h; sourceTree = "<group>"; };
		8C1227C47EECDD052FCA81A3 /* AppDelegate.mm */ = {isa = PBXFileReference; lastKnownFileType = sourcecode.cpp.objcpp; path = AppDelegate.mm; sourceTree = "<group>"; };
		8F49BFEEBAE847CBC37DDE3D /* 10px.png */ = {isa = PBXFileReference; lastKnownFileType = image.png; path = 10px.png; sourceTree = "<group>"; };
		97C9FE707DD80D7A97954D07 /* www */ = {isa = PBXFileReference; lastKnownFileType = text; path = www; sourceTree = "<group>"; };
		98BAB634E3A0DED1936DAA0C /* Default@2x.png */ = {isa = PBXFileReference; lastKnownFileType = image.png; path = "Default@2x.png"; sourceTree = "<group>"; };
		9F7493C34824611F503DF16A /* tObserver.h */ = {isa = PBXFileReference; lastKnownFileType = sourcecode.c.h; path = tObserver.h; sourceTree = "<group>"; };
		A0D5F599AE16E9F133784B44 /* tFile.mm */ = {isa = PBXFileReference; lastKnownFileType = sourcecode.cpp.objcpp; path = tFile.mm; sourceTree = "<group>"; };
		A4A0D62AC2A544D852D3B390 /* UIKit.framework */ = {isa = PBXFileReference; lastKnownFileType = wrapper.framework; name = UIKit.framework; path = System/Library/Frameworks/UIKit.framework; sourceTree = SDKROOT; };
		A54E18BD006DADD51C86D0DA /* ActionSheetStringPicker.m */ = {isa = PBXFileReference; lastKnownFileType = sourcecode.c.objc; path = ActionSheetStringPicker.m; sourceTree = "<group>"; };
		A923820425C58F41FA82F11C /* WhiteboardSpot.h */ = {isa = PBXFileReference; lastKnownFileType = sourcecode.c.h; path = WhiteboardSpot.h; sourceTree = "<group>"; };
		AEB6D511FAEDB0434E3C8E30 /* WhiteboardSpot.mm */ = {isa = PBXFileReference; lastKnownFileType = sourcecode.cpp.objcpp; path = WhiteboardSpot.mm; sourceTree = "<group>"; };
		B0ACA430F49F75FDC685FB26 /* ActionSheetStringPicker.h */ = {isa = PBXFileReference; lastKnownFileType = sourcecode.c.h; path = ActionSheetStringPicker.h; sourceTree = "<group>"; };
		B5788613E3DB7D0A78F85E6A /* trash.png */ = {isa = PBXFileReference; lastKnownFileType = image.png; path = trash.png; sourceTree = "<group>"; };
		BBB2FE6D2E7D2012C0415EE4 /* CarouselEventManager.h */ = {isa = PBXFileReference; lastKnownFileType = sourcecode.c.h; path = CarouselEventManager.h; sourceTree = "<group>"; };
		BBB5B4C648D19737618479A2 /* OpenGLView.h */ = {isa = PBXFileReference; lastKnownFileType = sourcecode.c.h; path = OpenGLView.h; sourceTree = "<group>"; };
		BF891AF35827612911CA1DC5 /* tPixelFormat.h */ = {isa = PBXFileReference; lastKnownFileType = sourcecode.c.h; path = tPixelFormat.h; sourceTree = "<group>"; };
		C10205A2E5136180F5785AD0 /* MediaPlayer.framework */ = {isa = PBXFileReference; lastKnownFileType = wrapper.framework; name = MediaPlayer.framework; path = System/Library/Frameworks/MediaPlayer.framework; sourceTree = SDKROOT; };
		CCE84D32F7DD728070FCF028 /* tSingleton.h */ = {isa = PBXFileReference; lastKnownFileType = sourcecode.c.h; path = tSingleton.h; sourceTree = "<group>"; };
		CD0D36C6C8902282D777D6AD /* OpenGLView.mm */ = {isa = PBXFileReference; lastKnownFileType = sourcecode.cpp.objcpp; path = OpenGLView.mm; sourceTree = "<group>"; };
		CF1D075C86B8CB7350BAEC85 /* Spot.h */ = {isa = PBXFileReference; lastKnownFileType = sourcecode.c.h; path = Spot.h; sourceTree = "<group>"; };
		D497811BCE323EC976273F46 /* colororange.png */ = {isa = PBXFileReference; lastKnownFileType = image.png; path = colororange.png; sourceTree = "<group>"; };
		D9B0A6D8A72ADF3549326861 /* tTimer.cpp */ = {isa = PBXFileReference; lastKnownFileType = sourcecode.cpp.cpp; path = tTimer.cpp; sourceTree = "<group>"; };
		DA272714B13F51196D62056E /* GoToken.png */ = {isa = PBXFileReference; lastKnownFileType = image.png; path = GoToken.png; sourceTree = "<group>"; };
		DB990F9FF16456F01CBF4AC6 /* tSGView.h */ = {isa = PBXFileReference; lastKnownFileType = sourcecode.c.h; path = tSGView.h; sourceTree = "<group>"; };
		DBE2ABE2FAABA06ADC720193 /* colorblack.png */ = {isa = PBXFileReference; lastKnownFileType = image.png; path = colorblack.png; sourceTree = "<group>"; };
		DE4DA47F4F222AD546EDE106 /* en */ = {isa = PBXFileReference; lastKnownFileType = file.xib; name = en; path = en.lproj/MainViewController.xib; sourceTree = "<group>"; };
		DE51930D45C7F7A2B526FB44 /* AddressBookUI.framework */ = {isa = PBXFileReference; lastKnownFileType = wrapper.framework; name = AddressBookUI.framework; path = System/Library/Frameworks/AddressBookUI.framework; sourceTree = SDKROOT; };
		DF6C72389AFF75753E8D79BE /* package.h */ = {isa = PBXFileReference; lastKnownFileType = sourcecode.c.h; path = package.h; sourceTree = "<group>"; };
		E02332AA60F58AAB6B97DC12 /* MobileCoreServices.framework */ = {isa = PBXFileReference; lastKnownFileType = wrapper.framework; name = MobileCoreServices.framework; path = System/Library/Frameworks/MobileCoreServices.framework; sourceTree = SDKROOT; };
		E589DD1A9136326254525265 /* AudioToolbox.framework */ = {isa = PBXFileReference; lastKnownFileType = wrapper.framework; name = AudioToolbox.framework; path = System/Library/Frameworks/AudioToolbox.framework; sourceTree = SDKROOT; };
		E6033214A6CAC9D4260DDC81 /* AppDelegate.h */ = {isa = PBXFileReference; lastKnownFileType = sourcecode.c.h; path = AppDelegate.h; sourceTree = "<group>"; };
		E9423167F2DEAC4A6A8D2506 /* tTexture.cpp */ = {isa = PBXFileReference; lastKnownFileType = sourcecode.cpp.cpp; path = tTexture.cpp; sourceTree = "<group>"; };
		EABD61932C3384ABA83C8994 /* Cordova.plist */ = {isa = PBXFileReference; lastKnownFileType = text.plist.xml; path = Cordova.plist; sourceTree = "<group>"; };
		EBC8208001D2D538BB680F8F /* GCICallcast.h */ = {isa = PBXFileReference; lastKnownFileType = sourcecode.c.h; path = GCICallcast.h; sourceTree = "<group>"; };
		EDE2BCB43E41B1E5C3C4D893 /* package.h */ = {isa = PBXFileReference; lastKnownFileType = sourcecode.c.h; path = package.h; sourceTree = "<group>"; };
		F7B020F2A9F4165F16A768DA /* CarouselApp.mm */ = {isa = PBXFileReference; lastKnownFileType = sourcecode.cpp.objcpp; path = CarouselApp.mm; sourceTree = "<group>"; };
		FE1607D4F0ADB0D5DF4C95C7 /* tProgram.h */ = {isa = PBXFileReference; lastKnownFileType = sourcecode.c.h; path = tProgram.h; sourceTree = "<group>"; };
/* End PBXFileReference section */

/* Begin PBXFrameworksBuildPhase section */
		32207F290F4537C9D917D82A /* Frameworks */ = {
			isa = PBXFrameworksBuildPhase;
			buildActionMask = 2147483647;
			files = (
				5F6541C8D51635AC9237710C /* libCordova.a in Frameworks */,
				E4DA3E6AA3E08035948461A5 /* UIKit.framework in Frameworks */,
				BF52FC3FCC3CC9F659FB6D1C /* Foundation.framework in Frameworks */,
				FC970A7A3A353509247A4F5E /* CoreGraphics.framework in Frameworks */,
				F8B50F166B1AC5C4A33A4234 /* QuartzCore.framework in Frameworks */,
				7764828D4A2BC4A611D8E6DB /* OpenGLES.framework in Frameworks */,
				28F0FECF3D546568D37347C4 /* AddressBook.framework in Frameworks */,
				6EFF1DB9802810DB57C8C2F9 /* AddressBookUI.framework in Frameworks */,
				EBE291694997E7749114EB1A /* AudioToolbox.framework in Frameworks */,
				685692D4D81F5B687E483548 /* AVFoundation.framework in Frameworks */,
				3611586D568D70AAA2545D88 /* CFNetwork.framework in Frameworks */,
				1FC763828CE41F3495799DDA /* CoreLocation.framework in Frameworks */,
				805A304F188D00A98CD4EC10 /* MediaPlayer.framework in Frameworks */,
				C6FF622EFAF235D66419D852 /* SystemConfiguration.framework in Frameworks */,
				0E951170AD1B9B5EAF460872 /* MobileCoreServices.framework in Frameworks */,
				D72502C6E61F14BD236D26F7 /* CoreMedia.framework in Frameworks */,
			);
			runOnlyForDeploymentPostprocessing = 0;
		};
/* End PBXFrameworksBuildPhase section */

/* Begin PBXGroup section */
		0A29F7DD5AFF058F0A152178 /* ios */ = {
			isa = PBXGroup;
			children = (
				7AFA4BC5698C4AF70021CCC3 /* AbstractActionSheetPicker.h */,
				5C11204B048839C8491149F7 /* AbstractActionSheetPicker.m */,
				B0ACA430F49F75FDC685FB26 /* ActionSheetStringPicker.h */,
				A54E18BD006DADD51C86D0DA /* ActionSheetStringPicker.m */,
				E6033214A6CAC9D4260DDC81 /* AppDelegate.h */,
				8C1227C47EECDD052FCA81A3 /* AppDelegate.mm */,
				7909122DB4B04A7E116D98B9 /* ViewController.h */,
				48FCE3F3B24CF4E016427BEF /* ViewController.mm */,
			);
			path = ios;
			sourceTree = "<group>";
		};
		16E345D57251E9CAD57E9F4C /* OpenGL */ = {
			isa = PBXGroup;
			children = (
				E47651F61BC8B6D730539F30 /* ios */,
				8BE893D7B0F8E776EF23B682 /* package.h */,
				751E5849B1D2F45943D9AA41 /* tPixelFormat.cpp */,
				BF891AF35827612911CA1DC5 /* tPixelFormat.h */,
				7002561CA20BE1C43EA3D583 /* tProgram.cpp */,
				FE1607D4F0ADB0D5DF4C95C7 /* tProgram.h */,
				DB990F9FF16456F01CBF4AC6 /* tSGView.h */,
				5BBD9CAC67E564067E0BF48E /* tShader.cpp */,
				00CAAF9E7F929D083DDEE55B /* tShader.h */,
				0CC3E156EE25E95E293F95D7 /* tSurface.cpp */,
				25EB18EAA7E5D13D89C49188 /* tSurface.h */,
				E9423167F2DEAC4A6A8D2506 /* tTexture.cpp */,
				60F637D090BA98AD306435AE /* tTexture.h */,
			);
			path = OpenGL;
			sourceTree = "<group>";
		};
		2EC5938BC3ACC479AD0C804C /* Math */ = {
			isa = PBXGroup;
			children = (
				4FE637FE8AD6F708D5282A92 /* package.h */,
			);
			path = Math;
			sourceTree = "<group>";
		};
		3771DE11D0AAB365954BD26B /* Build */ = {
			isa = PBXGroup;
			children = (
				89333BE68E1BA200E6359EF6 /* Carousel.gyp */,
				19689C1BA21CDE032048BD6B /* common.gypi */,
			);
			name = Build;
			sourceTree = "<group>";
		};
		38E627E2E1D1787655974D17 /* Input */ = {
			isa = PBXGroup;
			children = (
				2FA731572E05D05601D4C3F6 /* package.h */,
				0149DB92B3E5D0E05152F58E /* tInputManager.h */,
				32DEAEB10DFF001670EA1320 /* tTouchEvent.h */,
			);
			path = Input;
			sourceTree = "<group>";
		};
		450DDA7A4038248880001AFF /* ios */ = {
			isa = PBXGroup;
			children = (
				A0D5F599AE16E9F133784B44 /* tFile.mm */,
			);
			path = ios;
			sourceTree = "<group>";
		};
		45375EBD45E1E6ADB43C3BD4 /* Testbed/Carousel */ = {
			isa = PBXGroup;
			children = (
				0A29F7DD5AFF058F0A152178 /* ios */,
				550BF9B436405D132651601F /* CallcastEvent.h */,
				640106BD5F9FC83D37EC0DA2 /* CarouselApp.h */,
				F7B020F2A9F4165F16A768DA /* CarouselApp.mm */,
				BBB2FE6D2E7D2012C0415EE4 /* CarouselEventManager.h */,
				EBC8208001D2D538BB680F8F /* GCICallcast.h */,
				2C4F3C5A60393426A1C2219A /* GCICallcast.mm */,
				CF1D075C86B8CB7350BAEC85 /* Spot.h */,
				4ECD7B6C765FB5DF6FB0CD88 /* Spot.mm */,
				896EDE3AFE5AADA54C07A93F /* WhiteboardEvent.h */,
				A923820425C58F41FA82F11C /* WhiteboardSpot.h */,
				AEB6D511FAEDB0434E3C8E30 /* WhiteboardSpot.mm */,
			);
			path = Testbed/Carousel;
			sourceTree = "<group>";
		};
		513ADDFB6E9B789695CC7379 /* Base */ = {
			isa = PBXGroup;
			children = (
				B1DA13344B3BF5B5AD1BDD7C /* ios */,
				DF6C72389AFF75753E8D79BE /* package.h */,
				9F7493C34824611F503DF16A /* tObserver.h */,
				CCE84D32F7DD728070FCF028 /* tSingleton.h */,
				D9B0A6D8A72ADF3549326861 /* tTimer.cpp */,
				2AA3880B012941760DA8A2E6 /* tTimer.h */,
			);
			path = Base;
			sourceTree = "<group>";
		};
		5D2D3B1018133F29AB3AC396 = {
			isa = PBXGroup;
			children = (
				908502AFF3EC2F6719B0D33B /* Source */,
				7695152DEBC60E17B85BB2F8 /* Frameworks */,
				CCFE4FA960E64108C4857F9C /* Products */,
				3771DE11D0AAB365954BD26B /* Build */,
			);
			sourceTree = "<group>";
		};
		71499B6AE3C38DDEC72A9B04 /* Bootstrap/ios */ = {
			isa = PBXGroup;
			children = (
				BBB5B4C648D19737618479A2 /* OpenGLView.h */,
				CD0D36C6C8902282D777D6AD /* OpenGLView.mm */,
				4BE1C0F69260A7EEDC852877 /* main.mm */,
			);
			path = Bootstrap/ios;
			sourceTree = "<group>";
		};
		7695152DEBC60E17B85BB2F8 /* Frameworks */ = {
			isa = PBXGroup;
			children = (
				23220E27307FB5D1A6DF5408 /* AVFoundation.framework */,
				4C7EBE166A7BA31065E473BE /* AddressBook.framework */,
				DE51930D45C7F7A2B526FB44 /* AddressBookUI.framework */,
				E589DD1A9136326254525265 /* AudioToolbox.framework */,
				13E1A600EFE89EB38952FF6A /* CFNetwork.framework */,
				6AE8E48BA87416A9973D1805 /* CoreGraphics.framework */,
				36B9BB59098BFBAEBAAF0D4F /* CoreLocation.framework */,
				115707312888D9C2956F7016 /* CoreMedia.framework */,
				5C319FC64CA65D3CC431D8F2 /* Foundation.framework */,
				C10205A2E5136180F5785AD0 /* MediaPlayer.framework */,
				E02332AA60F58AAB6B97DC12 /* MobileCoreServices.framework */,
				47AAFC765076834D2975AB48 /* OpenGLES.framework */,
				8404188F18B0D9D6F5EABDF5 /* QuartzCore.framework */,
				5AA2B0CA9C6F2A0AC505DF5F /* SystemConfiguration.framework */,
				A4A0D62AC2A544D852D3B390 /* UIKit.framework */,
				36C27AEF64708CAD6E226A73 /* libCordova.a */,
			);
			name = Frameworks;
			sourceTree = "<group>";
		};
		7A167816D4CD26F4DEA0046C /* ios */ = {
			isa = PBXGroup;
			children = (
				8F49BFEEBAE847CBC37DDE3D /* 10px.png */,
				4990E99D9957285C2D5C340E /* 1px.png */,
				26DDCB681437B061CC738085 /* 3px.png */,
				3E226F3C0B3681BCED2CAE34 /* 5px.png */,
				8015A700CE8DB2E0D6435C30 /* AddWhiteboard.png */,
				EABD61932C3384ABA83C8994 /* Cordova.plist */,
				4F71A32943E24D83BEFA7EBF /* Default-568h@2x.png */,
				6997A9EFF90543E0BC776C03 /* Default.png */,
				98BAB634E3A0DED1936DAA0C /* Default@2x.png */,
				10A56C3FFAE6B193FC34E5A7 /* GoToken-114.png */,
				4A73EE27124A45ED7D808100 /* GoToken-57.png */,
				DA272714B13F51196D62056E /* GoToken.png */,
				F21B7D51AA0AA14F9E1D3A44 /* InfoPlist.strings */,
				7E9B8B24CC16CC0972827DE3 /* MainViewController.xib */,
				34CD9D9FAC83CD31668B263B /* carouselarrowleft.png */,
				65CB0F52721DC64654E7C11F /* carouselarrowright.png */,
				DBE2ABE2FAABA06ADC720193 /* colorblack.png */,
				0118141FAC902E17292576F2 /* colorblue.png */,
				D497811BCE323EC976273F46 /* colororange.png */,
				356C009D292B2077E6FA7A8D /* colorred.png */,
				332C24A952E9CEB25A248506 /* eraser.png */,
				44DC6FEE6667EBB686994F2E /* spritesheet.frag */,
				69EBC921CA0D9C8A7C8E0295 /* spritesheet.vert */,
				B5788613E3DB7D0A78F85E6A /* trash.png */,
			);
			path = ios;
			sourceTree = "<group>";
		};
		7E96348E6EABFADBEC4A2D09 /* Io */ = {
			isa = PBXGroup;
			children = (
				450DDA7A4038248880001AFF /* ios */,
				EDE2BCB43E41B1E5C3C4D893 /* package.h */,
				0C6397884E7524698B270C44 /* tFile.h */,
			);
			path = Io;
			sourceTree = "<group>";
		};
		908502AFF3EC2F6719B0D33B /* Source */ = {
			isa = PBXGroup;
			children = (
				D456037F389C8FB5E7E4FA3E /* rsrc */,
				EAA113E562E18051D66BEDA3 /* source */,
			);
			name = Source;
			path = ../..;
			sourceTree = "<group>";
		};
		B1DA13344B3BF5B5AD1BDD7C /* ios */ = {
			isa = PBXGroup;
			children = (
				38BB5D414C41E61979257439 /* tTimerPeer.h */,
				4D9FA1E6EB10178AA38280BB /* tTimerPeer.mm */,
			);
			path = ios;
			sourceTree = "<group>";
		};
		CCFE4FA960E64108C4857F9C /* Products */ = {
			isa = PBXGroup;
			children = (
				821AC1D41753F433B55CCBF3 /* Carousel.app */,
			);
			name = Products;
			sourceTree = "<group>";
		};
		D456037F389C8FB5E7E4FA3E /* rsrc */ = {
			isa = PBXGroup;
			children = (
				7A167816D4CD26F4DEA0046C /* ios */,
				97C9FE707DD80D7A97954D07 /* www */,
			);
			path = rsrc;
			sourceTree = "<group>";
		};
		E47651F61BC8B6D730539F30 /* ios */ = {
			isa = PBXGroup;
			children = (
				0891C4707C2B8B12D8502671 /* tSurfacePeer.mm */,
			);
			path = ios;
			sourceTree = "<group>";
		};
		EAA113E562E18051D66BEDA3 /* source */ = {
			isa = PBXGroup;
			children = (
				513ADDFB6E9B789695CC7379 /* Base */,
				71499B6AE3C38DDEC72A9B04 /* Bootstrap/ios */,
				38E627E2E1D1787655974D17 /* Input */,
				7E96348E6EABFADBEC4A2D09 /* Io */,
				2EC5938BC3ACC479AD0C804C /* Math */,
				16E345D57251E9CAD57E9F4C /* OpenGL */,
				45375EBD45E1E6ADB43C3BD4 /* Testbed/Carousel */,
			);
			path = source;
			sourceTree = "<group>";
		};
/* End PBXGroup section */

/* Begin PBXNativeTarget section */
		D7B8CD1EA0C333D1D5E5BE3F /* Carousel */ = {
			isa = PBXNativeTarget;
			buildConfigurationList = BF44BBD25227568C7719F15D /* Build configuration list for PBXNativeTarget "Carousel" */;
			buildPhases = (
				C8309625AD1E7775958A8407 /* Resources */,
				728A09EB7F6372EEC8681264 /* Sources */,
				32207F290F4537C9D917D82A /* Frameworks */,
			);
			buildRules = (
			);
			dependencies = (
			);
			name = Carousel;
			productName = Carousel;
			productReference = 821AC1D41753F433B55CCBF3 /* Carousel.app */;
			productType = "com.apple.product-type.application";
		};
/* End PBXNativeTarget section */

/* Begin PBXProject section */
		5CCFE5057344BF5B009BE774 /* Project object */ = {
			isa = PBXProject;
			attributes = {
				BuildIndependentTargetsInParallel = YES;
			};
			buildConfigurationList = A94F759ACD2B8BE27AD1CFCB /* Build configuration list for PBXProject "Carousel" */;
			compatibilityVersion = "Xcode 3.2";
			hasScannedForEncodings = 1;
			mainGroup = 5D2D3B1018133F29AB3AC396;
			projectDirPath = ../common;
			projectRoot = "";
			targets = (
				D7B8CD1EA0C333D1D5E5BE3F /* Carousel */,
			);
		};
/* End PBXProject section */

/* Begin PBXResourcesBuildPhase section */
		C8309625AD1E7775958A8407 /* Resources */ = {
			isa = PBXResourcesBuildPhase;
			buildActionMask = 2147483647;
			files = (
				5A5DA4A409A336F1B78B807F /* Default.png in Resources */,
				B942AC9EB918EDDAB27C9F30 /* Default@2x.png in Resources */,
				21C0CE70FA94F2180FC6E089 /* Default-568h@2x.png in Resources */,
				ADDEDF0E69D07C2BD59D6451 /* GoToken-114.png in Resources */,
				C92AE675C74F93D49BB92ECC /* GoToken-57.png in Resources */,
				FC0345202E2208FF11042105 /* Cordova.plist in Resources */,
				51D26DA02801A898D3A3FCAF /* spritesheet.frag in Resources */,
				845601A6B2E0A4FC1AC9BC08 /* spritesheet.vert in Resources */,
				F5A10B6C6516398EA00205D7 /* 10px.png in Resources */,
				AD9D1AD38622C16CD330E71C /* 1px.png in Resources */,
				1668280A84362F0F4536EB8D /* 3px.png in Resources */,
				8CAE1205024F1B999AFBCAEE /* 5px.png in Resources */,
				B3D20BF9081AA66F81E70A80 /* AddWhiteboard.png in Resources */,
				D0E5413C07DDB7254DD159A7 /* carouselarrowleft.png in Resources */,
				C7B6E72FC7C68CB4429E29A3 /* carouselarrowright.png in Resources */,
				5767D4C263C8D5547285E06F /* colorblack.png in Resources */,
				D00EE6CD966A0DC75B3D0C62 /* colorblue.png in Resources */,
				35FE3A8379287F601418C6F6 /* colororange.png in Resources */,
				B97DA98F2045A09D40F8DD96 /* colorred.png in Resources */,
				47E2B3651A3C93A183285B78 /* eraser.png in Resources */,
				A588C9889299CF38F5BEBACB /* GoToken.png in Resources */,
				78E90D01709984A28E8D0F90 /* trash.png in Resources */,
				AE9ACC78D33BEFD8E9864C46 /* www in Resources */,
				8E26EC27430AA842D56926D6 /* InfoPlist.strings in Resources */,
				F6DF6E35AD9A94E4D9070845 /* MainViewController.xib in Resources */,
			);
			runOnlyForDeploymentPostprocessing = 0;
		};
/* End PBXResourcesBuildPhase section */

/* Begin PBXSourcesBuildPhase section */
		728A09EB7F6372EEC8681264 /* Sources */ = {
			isa = PBXSourcesBuildPhase;
			buildActionMask = 2147483647;
			files = (
				0696DA8AFE2E9583589FA40B /* CarouselApp.mm in Sources */,
				CD9C178F7553D147F76933E0 /* Spot.mm in Sources */,
				F746E74AD435693462062677 /* WhiteboardSpot.mm in Sources */,
				A8BC67394886865FFCD9B15F /* GCICallcast.mm in Sources */,
				D4E1C43818321561E81EA0C7 /* AppDelegate.mm in Sources */,
				D4E816E6FF9BC2119D5CC5CA /* ViewController.mm in Sources */,
				907685D87916662CFF92274B /* AbstractActionSheetPicker.m in Sources */,
				66BFE7B0CC4E4C799A8F015E /* ActionSheetStringPicker.m in Sources */,
				23563FECFBE83940BD1CC6D9 /* tTimer.cpp in Sources */,
				2C9C70414D65B81FC648DD4B /* tTimerPeer.mm in Sources */,
				3DDB576316C75C81653458C7 /* tFile.mm in Sources */,
				63DC7A8040D9308B4B0182F5 /* tPixelFormat.cpp in Sources */,
				C39B7833B6DF6FDE122BCFBC /* tProgram.cpp in Sources */,
				4934F04117FAAB36FF741153 /* tShader.cpp in Sources */,
				053ACC0B9AF93FE618B338DE /* tSurface.cpp in Sources */,
				C5D00BBE131314AC60AC1AD1 /* tSurfacePeer.mm in Sources */,
				870883FE1795E7FBF828FC44 /* tTexture.cpp in Sources */,
				6D1F0E3F6B85EE9A50C5170D /* OpenGLView.mm in Sources */,
				CC838BA0048D0236AA288157 /* main.mm in Sources */,
			);
			runOnlyForDeploymentPostprocessing = 0;
		};
/* End PBXSourcesBuildPhase section */

/* Begin PBXVariantGroup section */
		7E9B8B24CC16CC0972827DE3 /* MainViewController.xib */ = {
			isa = PBXVariantGroup;
			children = (
				DE4DA47F4F222AD546EDE106 /* en */,
			);
			name = MainViewController.xib;
			sourceTree = "<group>";
		};
		F21B7D51AA0AA14F9E1D3A44 /* InfoPlist.strings */ = {
			isa = PBXVariantGroup;
			children = (
				8114DD2B8868576CF1B2BC94 /* en */,
			);
			name = InfoPlist.strings;
			sourceTree = "<group>";
		};
/* End PBXVariantGroup section */

/* Begin XCBuildConfiguration section */
		13449C1C33B27CA7C75A2F88 /* debug */ = {
			isa = XCBuildConfiguration;
			buildSettings = {
				ALWAYS_SEARCH_USER_PATHS = NO;
				ARCHS = "$(ARCHS_STANDARD_32_64_BIT)";
				CLANG_WARN_EMPTY_BODY = YES;
				CLANG_WARN_IMPLICIT_SIGN_CONVERSION = YES;
				CLANG_WARN_SUSPICIOUS_IMPLICIT_CONVERSION = YES;
				CODE_SIGN_IDENTITY = "iPhone Developer";
				COMBINE_HIDPI_IMAGES = YES;
				COPY_PHASE_STRIP = NO;
				DEAD_CODE_STRIPPING = NO;
				GCC_C_LANGUAGE_STANDARD = gnu99;
				GCC_DYNAMIC_NO_PIC = NO;
				GCC_ENABLE_CPP_EXCEPTIONS = NO;
				GCC_ENABLE_CPP_RTTI = NO;
				GCC_ENABLE_OBJC_EXCEPTIONS = YES;
				GCC_FAST_MATH = NO;
				GCC_GENERATE_DEBUGGING_SYMBOLS = YES;
				GCC_OPTIMIZATION_LEVEL = 0;
				GCC_PREPROCESSOR_DEFINITIONS = (
					"\"PLATFORM_IOS=1\"",
					"\"DEBUG=1\"",
				);
				GCC_STRICT_ALIASING = NO;
				GCC_SYMBOLS_PRIVATE_EXTERN = YES;
				GCC_TREAT_IMPLICIT_FUNCTION_DECLARATIONS_AS_ERRORS = YES;
				GCC_TREAT_INCOMPATIBLE_POINTER_TYPE_WARNINGS_AS_ERRORS = YES;
				GCC_UNROLL_LOOPS = NO;
				GCC_VERSION = com.apple.compilers.llvm.clang.1_0;
				GCC_WARN_64_TO_32_BIT_CONVERSION = YES;
				GCC_WARN_ABOUT_MISSING_FIELD_INITIALIZERS = YES;
				GCC_WARN_ABOUT_MISSING_NEWLINE = YES;
				GCC_WARN_ABOUT_MISSING_PROTOTYPES = YES;
				GCC_WARN_ABOUT_RETURN_TYPE = YES;
				GCC_WARN_FOUR_CHARACTER_CONSTANTS = YES;
				GCC_WARN_INITIALIZER_NOT_FULLY_BRACKETED = YES;
				GCC_WARN_SHADOW = YES;
				GCC_WARN_SIGN_COMPARE = YES;
				GCC_WARN_UNINITIALIZED_AUTOS = YES;
				GCC_WARN_UNKNOWN_PRAGMAS = YES;
				GCC_WARN_UNUSED_FUNCTION = YES;
				GCC_WARN_UNUSED_LABEL = YES;
				GCC_WARN_UNUSED_PARAMETER = YES;
				GCC_WARN_UNUSED_VARIABLE = YES;
				HEADER_SEARCH_PATHS = (
					../../source,
					../../source/Bootstrap/ios,
					"../../third-party/CordovaLib/include",
				);
				INFOPLIST_FILE = ../../rsrc/ios/Carousel.plist;
				IPHONEOS_DEPLOYMENT_TARGET = 5.0;
				LD_NO_PIE = NO;
				LIBRARY_SEARCH_PATHS = (
					"../../third-party/CordovaLib/lib/$(CURRENT_ARCH)/debug",
					"$(SDKROOT)/System/Library/Frameworks",
				);
				LLVM_LTO = NO;
				MACOSX_DEPLOYMENT_TARGET = 10.7;
				ONLY_ACTIVE_ARCH = YES;
				OTHER_LDFLAGS = (
					"-weak_framework CoreFoundation",
					"-weak_framework UIKit",
					"-weak_framework AVFoundation",
					"-weak_framework CoreMedia",
					"-weak-lSystem",
					"-all_load",
					"-Obj-C",
				);
				PRODUCT_NAME = Carousel;
				RUN_CLANG_STATIC_ANALYZER = YES;
				VALIDATE_PRODUCT = YES;
				WARNING_CFLAGS = (
					"-Wall",
					"-Werror",
					"-Wextra",
					"-Wbad-function-cast",
					"-Wdeclaration-after-statement",
					"-Wmissing-format-attribute",
					"-Wnested-externs",
					"-Wnewline-eof",
					"-Wold-style-definition",
					"-Wredundant-decls",
					"-Wsequence-point",
					"-Wstrict-prototypes",
					"-Wswitch-default",
					"-Wwrite-strings",
					"-Winit-self",
					"-Wcast-align",
					"-Wcast-qual",
					"-Wold-style-cast",
					"-Wpointer-arith",
					"-Wstrict-aliasing",
					"-Wformat=2",
					"-Wuninitialized",
					"-Wmissing-declarations",
					"-Woverloaded-virtual",
					"-Wnon-virtual-dtor",
					"-Wctor-dtor-privacy",
				);
				WRAPPER_PREFIX = "";
			};
			name = debug;
		};
		29A2F5F6248C8DFFD9C64CA9 /* release */ = {
			isa = XCBuildConfiguration;
			buildSettings = {
				INTERMEDIATE_DIR = "$(PROJECT_DERIVED_FILE_DIR)/$(CONFIGURATION)";
				SDKROOT = iphoneos;
				SHARED_INTERMEDIATE_DIR = "$(SYMROOT)/DerivedSources/$(CONFIGURATION)";
				SYMROOT = ../../build/ios;
			};
			name = release;
		};
		57A8B7A5CA802706042EFB1C /* debug */ = {
			isa = XCBuildConfiguration;
			buildSettings = {
				INTERMEDIATE_DIR = "$(PROJECT_DERIVED_FILE_DIR)/$(CONFIGURATION)";
				SDKROOT = iphoneos;
				SHARED_INTERMEDIATE_DIR = "$(SYMROOT)/DerivedSources/$(CONFIGURATION)";
				SYMROOT = ../../build/ios;
			};
			name = debug;
		};
		76166B69EE378E9E5C158452 /* release */ = {
			isa = XCBuildConfiguration;
			buildSettings = {
				ALWAYS_SEARCH_USER_PATHS = NO;
				ARCHS = "$(ARCHS_STANDARD_32_64_BIT)";
				CLANG_WARN_EMPTY_BODY = YES;
				CLANG_WARN_IMPLICIT_SIGN_CONVERSION = YES;
				CLANG_WARN_SUSPICIOUS_IMPLICIT_CONVERSION = YES;
				CODE_SIGN_IDENTITY = "iPhone Developer";
				COMBINE_HIDPI_IMAGES = YES;
				COPY_PHASE_STRIP = NO;
				DEAD_CODE_STRIPPING = YES;
				GCC_C_LANGUAGE_STANDARD = gnu99;
				GCC_DYNAMIC_NO_PIC = YES;
				GCC_ENABLE_CPP_EXCEPTIONS = NO;
				GCC_ENABLE_CPP_RTTI = NO;
				GCC_ENABLE_OBJC_EXCEPTIONS = YES;
				GCC_FAST_MATH = YES;
				GCC_GENERATE_DEBUGGING_SYMBOLS = NO;
				GCC_OPTIMIZATION_LEVEL = 3;
				GCC_PREPROCESSOR_DEFINITIONS = (
					"\"PLATFORM_IOS=1\"",
					"\"DEBUG=0\"",
				);
				GCC_STRICT_ALIASING = YES;
				GCC_SYMBOLS_PRIVATE_EXTERN = YES;
				GCC_TREAT_IMPLICIT_FUNCTION_DECLARATIONS_AS_ERRORS = YES;
				GCC_TREAT_INCOMPATIBLE_POINTER_TYPE_WARNINGS_AS_ERRORS = YES;
				GCC_UNROLL_LOOPS = YES;
				GCC_VERSION = com.apple.compilers.llvm.clang.1_0;
				GCC_WARN_64_TO_32_BIT_CONVERSION = YES;
				GCC_WARN_ABOUT_MISSING_FIELD_INITIALIZERS = YES;
				GCC_WARN_ABOUT_MISSING_NEWLINE = YES;
				GCC_WARN_ABOUT_MISSING_PROTOTYPES = YES;
				GCC_WARN_ABOUT_RETURN_TYPE = YES;
				GCC_WARN_FOUR_CHARACTER_CONSTANTS = YES;
				GCC_WARN_INITIALIZER_NOT_FULLY_BRACKETED = YES;
				GCC_WARN_SHADOW = YES;
				GCC_WARN_SIGN_COMPARE = YES;
				GCC_WARN_UNINITIALIZED_AUTOS = YES;
				GCC_WARN_UNKNOWN_PRAGMAS = YES;
				GCC_WARN_UNUSED_FUNCTION = YES;
				GCC_WARN_UNUSED_LABEL = YES;
				GCC_WARN_UNUSED_PARAMETER = YES;
				GCC_WARN_UNUSED_VARIABLE = YES;
				HEADER_SEARCH_PATHS = (
					../../source,
					../../source/Bootstrap/ios,
					"../../third-party/CordovaLib/include",
				);
				INFOPLIST_FILE = ../../rsrc/ios/Carousel.plist;
				IPHONEOS_DEPLOYMENT_TARGET = 5.0;
				LD_NO_PIE = YES;
				LIBRARY_SEARCH_PATHS = (
					"../../third-party/CordovaLib/lib/$(CURRENT_ARCH)/debug",
					"$(SDKROOT)/System/Library/Frameworks",
				);
				LLVM_LTO = NO;
				MACOSX_DEPLOYMENT_TARGET = 10.7;
				ONLY_ACTIVE_ARCH = NO;
				OTHER_LDFLAGS = (
					"-weak_framework CoreFoundation",
					"-weak_framework UIKit",
					"-weak_framework AVFoundation",
					"-weak_framework CoreMedia",
					"-weak-lSystem",
					"-all_load",
					"-Obj-C",
				);
				PRODUCT_NAME = Carousel;
				RUN_CLANG_STATIC_ANALYZER = YES;
				VALIDATE_PRODUCT = YES;
				WARNING_CFLAGS = (
					"-Wall",
					"-Werror",
					"-Wextra",
					"-Wbad-function-cast",
					"-Wdeclaration-after-statement",
					"-Wmissing-format-attribute",
					"-Wnested-externs",
					"-Wnewline-eof",
					"-Wold-style-definition",
					"-Wredundant-decls",
					"-Wsequence-point",
					"-Wstrict-prototypes",
					"-Wswitch-default",
					"-Wwrite-strings",
					"-Winit-self",
					"-Wcast-align",
					"-Wcast-qual",
					"-Wold-style-cast",
					"-Wpointer-arith",
					"-Wstrict-aliasing",
					"-Wformat=2",
					"-Wuninitialized",
					"-Wmissing-declarations",
					"-Woverloaded-virtual",
					"-Wnon-virtual-dtor",
					"-Wctor-dtor-privacy",
				);
				WRAPPER_PREFIX = "";
			};
			name = release;
		};
/* End XCBuildConfiguration section */

/* Begin XCConfigurationList section */
		A94F759ACD2B8BE27AD1CFCB /* Build configuration list for PBXProject "Carousel" */ = {
			isa = XCConfigurationList;
			buildConfigurations = (
				57A8B7A5CA802706042EFB1C /* debug */,
				29A2F5F6248C8DFFD9C64CA9 /* release */,
			);
			defaultConfigurationIsVisible = 1;
			defaultConfigurationName = debug;
		};
		BF44BBD25227568C7719F15D /* Build configuration list for PBXNativeTarget "Carousel" */ = {
			isa = XCConfigurationList;
			buildConfigurations = (
				13449C1C33B27CA7C75A2F88 /* debug */,
				76166B69EE378E9E5C158452 /* release */,
			);
			defaultConfigurationIsVisible = 1;
			defaultConfigurationName = debug;
		};
/* End XCConfigurationList section */
	};
	rootObject = 5CCFE5057344BF5B009BE774 /* Project object */;
}
