// !$*UTF8*$!
{
	archiveVersion = 1;
	classes = {
	};
	objectVersion = 46;
	objects = {

/* Begin PBXAggregateTarget section */
		FF8F3B6EC9E2B8F964A6C886 /* All */ = {
			isa = PBXAggregateTarget;
			buildConfigurationList = 1CF626B6B5F4D8453DB8EB8E /* Build configuration list for PBXAggregateTarget "All" */;
			buildPhases = (
			);
			dependencies = (
				91DF66BE996122088A59F0D6 /* PBXTargetDependency */,
			);
			name = All;
			productName = All;
		};
/* End PBXAggregateTarget section */

/* Begin PBXContainerItemProxy section */
		0ED013122DCE54E9676B02AF /* PBXContainerItemProxy */ = {
			isa = PBXContainerItemProxy;
			containerPortal = 79EC98FC93967ECD7735D65D /* Whiteboard.xcodeproj */;
			proxyType = 2;
			remoteGlobalIDString = 6ED41AECA7228AC2DAE0544D;
			remoteInfo = Whiteboard;
		};
		2E9C2926F27BB7AFA75D0CF1 /* PBXContainerItemProxy */ = {
			isa = PBXContainerItemProxy;
			containerPortal = 79EC98FC93967ECD7735D65D /* Whiteboard.xcodeproj */;
			proxyType = 1;
			remoteGlobalIDString = 63B60E9CAA0F1218D90A5858;
			remoteInfo = Whiteboard;
		};
/* End PBXContainerItemProxy section */

/* Begin PBXFileReference section */
		775ABB748B6C0763351685F4 /* All.gyp */ = {isa = PBXFileReference; lastKnownFileType = text; path = All.gyp; sourceTree = "<group>"; };
		79EC98FC93967ECD7735D65D /* Whiteboard.xcodeproj */ = {isa = PBXFileReference; lastKnownFileType = "wrapper.pb-project"; name = Whiteboard.xcodeproj; path = ../ios/Whiteboard.xcodeproj; sourceTree = SOURCE_ROOT; };
		856B28E93B1737A5E3D6097F /* common.gypi */ = {isa = PBXFileReference; lastKnownFileType = text; path = common.gypi; sourceTree = "<group>"; };
/* End PBXFileReference section */

/* Begin PBXGroup section */
		0CFE1CCE77E1702A6F804D1A /* Products */ = {
			isa = PBXGroup;
			children = (
				9A9653C9E032FB61D37E33F0 /* Whiteboard.app */,
			);
			name = Products;
			sourceTree = "<group>";
		};
		2438537E8DF9FD527F2E9D33 /* Projects */ = {
			isa = PBXGroup;
			children = (
				79EC98FC93967ECD7735D65D /* Whiteboard.xcodeproj */,
			);
			name = Projects;
			sourceTree = "<group>";
		};
		4489E7643D16DDA87E2041FF = {
			isa = PBXGroup;
			children = (
				2438537E8DF9FD527F2E9D33 /* Projects */,
				F4E932DAE504D11373DA2B26 /* Build */,
			);
			sourceTree = "<group>";
		};
		F4E932DAE504D11373DA2B26 /* Build */ = {
			isa = PBXGroup;
			children = (
				775ABB748B6C0763351685F4 /* All.gyp */,
				856B28E93B1737A5E3D6097F /* common.gypi */,
			);
			name = Build;
			sourceTree = "<group>";
		};
/* End PBXGroup section */

/* Begin PBXProject section */
		FEA76CDD3C70B794E2326810 /* Project object */ = {
			isa = PBXProject;
			attributes = {
				BuildIndependentTargetsInParallel = YES;
			};
			buildConfigurationList = EEDC546F642F0A1B5EF11C4E /* Build configuration list for PBXProject "All" */;
			compatibilityVersion = "Xcode 3.2";
			developmentRegion = English;
			hasScannedForEncodings = 1;
			knownRegions = (
				en,
			);
			mainGroup = 4489E7643D16DDA87E2041FF;
			projectDirPath = ../common;
			projectReferences = (
				{
					ProductGroup = 0CFE1CCE77E1702A6F804D1A /* Products */;
					ProjectRef = 79EC98FC93967ECD7735D65D /* Whiteboard.xcodeproj */;
				},
			);
			projectRoot = "";
			targets = (
				FF8F3B6EC9E2B8F964A6C886 /* All */,
			);
		};
/* End PBXProject section */

/* Begin PBXReferenceProxy section */
		9A9653C9E032FB61D37E33F0 /* Whiteboard.app */ = {
			isa = PBXReferenceProxy;
			fileType = wrapper.application;
			path = Whiteboard.app;
			remoteRef = 0ED013122DCE54E9676B02AF /* PBXContainerItemProxy */;
			sourceTree = BUILT_PRODUCTS_DIR;
		};
/* End PBXReferenceProxy section */

/* Begin PBXTargetDependency section */
		91DF66BE996122088A59F0D6 /* PBXTargetDependency */ = {
			isa = PBXTargetDependency;
			name = Whiteboard;
			targetProxy = 2E9C2926F27BB7AFA75D0CF1 /* PBXContainerItemProxy */;
		};
/* End PBXTargetDependency section */

/* Begin XCBuildConfiguration section */
		2C9CD9B8109798C7542CE1BE /* release */ = {
			isa = XCBuildConfiguration;
			buildSettings = {
				DEAD_CODE_STRIPPING = YES;
				GCC_DYNAMIC_NO_PIC = YES;
				GCC_FAST_MATH = YES;
				GCC_GENERATE_DEBUGGING_SYMBOLS = NO;
				GCC_OPTIMIZATION_LEVEL = 3;
				GCC_PREPROCESSOR_DEFINITIONS = "\"DEBUG=0\"";
				GCC_STRICT_ALIASING = YES;
				GCC_UNROLL_LOOPS = YES;
				HEADER_SEARCH_PATHS = ../../source;
				LD_NO_PIE = YES;
				ONLY_ACTIVE_ARCH = NO;
				PRODUCT_NAME = All;
			};
			name = release;
		};
		C9895B5A9A7EDD1173EFB565 /* release */ = {
			isa = XCBuildConfiguration;
			buildSettings = {
				INTERMEDIATE_DIR = "$(PROJECT_DERIVED_FILE_DIR)/$(CONFIGURATION)";
				SHARED_INTERMEDIATE_DIR = "$(SYMROOT)/DerivedSources/$(CONFIGURATION)";
				SYMROOT = ../../build/mac;
			};
			name = release;
		};
		F0E51C4953186E60F0E94502 /* debug */ = {
			isa = XCBuildConfiguration;
			buildSettings = {
				INTERMEDIATE_DIR = "$(PROJECT_DERIVED_FILE_DIR)/$(CONFIGURATION)";
				SHARED_INTERMEDIATE_DIR = "$(SYMROOT)/DerivedSources/$(CONFIGURATION)";
				SYMROOT = ../../build/mac;
			};
			name = debug;
		};
		F843B80199C5C620036DAE21 /* debug */ = {
			isa = XCBuildConfiguration;
			buildSettings = {
				DEAD_CODE_STRIPPING = NO;
				GCC_DYNAMIC_NO_PIC = NO;
				GCC_FAST_MATH = NO;
				GCC_GENERATE_DEBUGGING_SYMBOLS = YES;
				GCC_OPTIMIZATION_LEVEL = 0;
				GCC_PREPROCESSOR_DEFINITIONS = "\"DEBUG=1\"";
				GCC_STRICT_ALIASING = NO;
				GCC_UNROLL_LOOPS = NO;
				HEADER_SEARCH_PATHS = ../../source;
				LD_NO_PIE = NO;
				ONLY_ACTIVE_ARCH = YES;
				PRODUCT_NAME = All;
			};
			name = debug;
		};
/* End XCBuildConfiguration section */

/* Begin XCConfigurationList section */
		1CF626B6B5F4D8453DB8EB8E /* Build configuration list for PBXAggregateTarget "All" */ = {
			isa = XCConfigurationList;
			buildConfigurations = (
				F843B80199C5C620036DAE21 /* debug */,
				2C9CD9B8109798C7542CE1BE /* release */,
			);
			defaultConfigurationIsVisible = 1;
			defaultConfigurationName = debug;
		};
		EEDC546F642F0A1B5EF11C4E /* Build configuration list for PBXProject "All" */ = {
			isa = XCConfigurationList;
			buildConfigurations = (
				F0E51C4953186E60F0E94502 /* debug */,
				C9895B5A9A7EDD1173EFB565 /* release */,
			);
			defaultConfigurationIsVisible = 1;
			defaultConfigurationName = debug;
		};
/* End XCConfigurationList section */
	};
	rootObject = FEA76CDD3C70B794E2326810 /* Project object */;
}
