// !$*UTF8*$!
{
	archiveVersion = 1;
	classes = {
	};
	objectVersion = 45;
	objects = {

/* Begin PBXAggregateTarget section */
		515CC8972C53D30D8A605B24 /* Whiteboard Support */ = {
			isa = PBXAggregateTarget;
			buildConfigurationList = 7D7CA389C980295E6A417B9D /* Build configuration list for PBXAggregateTarget "Whiteboard Support" */;
			buildPhases = (
				0A8E0DCD8720BFDF6B395EBC /* Action "AppFlow.tgf" */,
			);
			dependencies = (
			);
			name = "Whiteboard Support";
			productName = "Whiteboard Support";
		};
/* End PBXAggregateTarget section */

/* Begin PBXBuildFile section */
		00E671627FC87D55009500F2 /* GCICallcast.mm in Sources */ = {isa = PBXBuildFile; fileRef = 8A8261567DAEB3F988BB2131 /* GCICallcast.mm */; };
		0132B78EF001AED4C1A55FB3 /* ViewController.mm in Sources */ = {isa = PBXBuildFile; fileRef = 54F13C3695EF1AFD28251AA1 /* ViewController.mm */; };
		0D44EEFBC2E22C706C4C33BE /* www in Resources */ = {isa = PBXBuildFile; fileRef = 75E6EA81F45BFF94EFDA772A /* www */; };
		1370EC95C500FCB189CB1E0F /* AppDelegate.mm in Sources */ = {isa = PBXBuildFile; fileRef = F7C98D8853AB3806EE7996DC /* AppDelegate.mm */; };
		16CF3C06892FA0159F56BA42 /* AudioToolbox.framework in Frameworks */ = {isa = PBXBuildFile; fileRef = 272118C382ADB0788DD475C9 /* AudioToolbox.framework */; };
		1DB9E07CCD0C4DDCB199D895 /* main.mm in Sources */ = {isa = PBXBuildFile; fileRef = 41457BA618A6B6E8FCBB620F /* main.mm */; };
		232A49082F5C6A2625EFDE22 /* tProgram.cpp in Sources */ = {isa = PBXBuildFile; fileRef = CFF5BBC4DAF71060AA586293 /* tProgram.cpp */; };
		2702F28D754BAC52E636A90D /* tSGView.cpp in Sources */ = {isa = PBXBuildFile; fileRef = E76DF83DF7F2CB9EC0070067 /* tSGView.cpp */; };
		2BDB2E97D7B1EEAFF0353237 /* spritesheet.frag in Resources */ = {isa = PBXBuildFile; fileRef = 719929FE4CB470A6AD62DF0F /* spritesheet.frag */; };
		36C56EB94AAD72B3092F5EC6 /* tSurface.cpp in Sources */ = {isa = PBXBuildFile; fileRef = 5CC4B70BEEC99963F5664C49 /* tSurface.cpp */; };
		39352D225AC67D257B691EB7 /* Foundation.framework in Frameworks */ = {isa = PBXBuildFile; fileRef = E96BF3286BB78EAAADC0A57A /* Foundation.framework */; };
		396C5F55E07DE574E484F9BB /* CoreGraphics.framework in Frameworks */ = {isa = PBXBuildFile; fileRef = 411E6E215ABA730DE4EFC537 /* CoreGraphics.framework */; };
		3F3C09E0AA2E282E0316B180 /* CFNetwork.framework in Frameworks */ = {isa = PBXBuildFile; fileRef = C838069FCF6EACE9304AE10C /* CFNetwork.framework */; };
		409CF818EDBDAF0190FF55D1 /* libCordova.a in Frameworks */ = {isa = PBXBuildFile; fileRef = C62FC56C15FB86F8E24A55CA /* libCordova.a */; };
		40A31024BB4C2E1C211B53F1 /* InfoPlist.strings in Resources */ = {isa = PBXBuildFile; fileRef = 9C18CE4BB4E9C8DF93918E29 /* InfoPlist.strings */; };
		424D412D985449097C8DC6C5 /* CoreLocation.framework in Frameworks */ = {isa = PBXBuildFile; fileRef = F36CE187C31FC8D8E7850881 /* CoreLocation.framework */; };
		48A5FDC8303E0CCFF05C6501 /* LoginView.mm in Sources */ = {isa = PBXBuildFile; fileRef = A972318042313B22BC557297 /* LoginView.mm */; };
		4A0AEDAAF950A39FC7583DAA /* tFile.mm in Sources */ = {isa = PBXBuildFile; fileRef = B4A1C41114DCC0B1EBECB2F1 /* tFile.mm */; };
		4BC638273B940433AF27AA78 /* Default-568h@2x.png in Resources */ = {isa = PBXBuildFile; fileRef = E4A399B89C6D8B4A74FDF8F2 /* Default-568h@2x.png */; };
		4D11AA21F0C6BD08E4DBDF4B /* CoreMedia.framework in Frameworks */ = {isa = PBXBuildFile; fileRef = ACBD77BC320339AFCEBD05E2 /* CoreMedia.framework */; };
		5BF9075B3452F63A4EFAC32F /* MainViewController.xib in Resources */ = {isa = PBXBuildFile; fileRef = 3AA6537E0CC26EF4A781B899 /* MainViewController.xib */; };
		68237C817295E74AC96AA6F6 /* spritesheet.vert in Resources */ = {isa = PBXBuildFile; fileRef = C139DA84CC3CF2A2CD32F273 /* spritesheet.vert */; };
		6CC80D77E21DC31ADDFADC15 /* UIKit.framework in Frameworks */ = {isa = PBXBuildFile; fileRef = D21DC43692508DB38C23866C /* UIKit.framework */; };
		708293EA325395C555B447EF /* MobileCoreServices.framework in Frameworks */ = {isa = PBXBuildFile; fileRef = 6ED41382B83EB60BAABE37AF /* MobileCoreServices.framework */; };
		7D16CBAD06DF4F1A967DF631 /* AddressBookUI.framework in Frameworks */ = {isa = PBXBuildFile; fileRef = 36569ED15C81D2B6924E0A43 /* AddressBookUI.framework */; };
		86001511C0C7AF6D34004EB5 /* AddressBook.framework in Frameworks */ = {isa = PBXBuildFile; fileRef = 0DD38E8E271D3344A9BDC4D6 /* AddressBook.framework */; };
		86D32EB4891AB4DD0E21D54E /* AppFlow.mm in Sources */ = {isa = PBXBuildFile; fileRef = 603C9E71B91A9016A51D1E71 /* AppFlow.mm */; };
		8913F2CA806F26838BC984FD /* SystemConfiguration.framework in Frameworks */ = {isa = PBXBuildFile; fileRef = DCFFB3193E4FDBEDD0C2656F /* SystemConfiguration.framework */; };
		8F76F8A83A1068014EFE939F /* MediaPlayer.framework in Frameworks */ = {isa = PBXBuildFile; fileRef = 67BEF084A2C1D3D8243B9D50 /* MediaPlayer.framework */; };
		9D4BA471DBA6896377916236 /* Cordova.plist in Resources */ = {isa = PBXBuildFile; fileRef = D7194E88971AA4E5865F3427 /* Cordova.plist */; };
		A03F46E5AA26EF2AF340F882 /* LoginView.xib in Resources */ = {isa = PBXBuildFile; fileRef = AB7B1641F15746F6CCA6A169 /* LoginView.xib */; };
		A7D404C2CB16B378028BE3AC /* tTexture.cpp in Sources */ = {isa = PBXBuildFile; fileRef = 09FA150B7647EA6DADF9AAF9 /* tTexture.cpp */; };
		B0FBDCF52D219D5081778C33 /* OpenGLView.mm in Sources */ = {isa = PBXBuildFile; fileRef = 83102A9266B2BB0C3F20849B /* OpenGLView.mm */; };
		B1A24D4B4B5F7BA13770ACCD /* AVFoundation.framework in Frameworks */ = {isa = PBXBuildFile; fileRef = 6108D4974A4F608C82695D7E /* AVFoundation.framework */; };
		B8BE5531CCF911C5C0C7071B /* tSurfacePeer.mm in Sources */ = {isa = PBXBuildFile; fileRef = A3F93D338886817C741D112E /* tSurfacePeer.mm */; };
		B93B2ABE90CF29C2B1DCDEC6 /* GoToken.png in Resources */ = {isa = PBXBuildFile; fileRef = B223B800A90B3F0B86B7773C /* GoToken.png */; };
		BAE7393A97C01052CA3B366B /* tTimer.cpp in Sources */ = {isa = PBXBuildFile; fileRef = 16ACDD539B2DE6068F7C460F /* tTimer.cpp */; };
		BDAFD7E6592AF0F56CFF3E53 /* Whiteboard.mm in Sources */ = {isa = PBXBuildFile; fileRef = F0A74EBFC5BBEEB301BE0385 /* Whiteboard.mm */; };
		C24DBB7353A4D7718C4F6E9C /* tTimerPeer.mm in Sources */ = {isa = PBXBuildFile; fileRef = 0CA36C5DBD6E5C8407C77041 /* tTimerPeer.mm */; };
		DE318249CDF7AA5BB3B1A04E /* OpenGLES.framework in Frameworks */ = {isa = PBXBuildFile; fileRef = 45AD10DD26EE99758E0D4670 /* OpenGLES.framework */; };
		E5A65A712068D2E571523762 /* tShader.cpp in Sources */ = {isa = PBXBuildFile; fileRef = A3B52E3EA721B2C116CB4BDF /* tShader.cpp */; };
		EFC3D4A78AC709AE5064DCEB /* QuartzCore.framework in Frameworks */ = {isa = PBXBuildFile; fileRef = 527886977B9E5089544AE192 /* QuartzCore.framework */; };
		FB5FA224983BAEAC5A8A15C7 /* tPixelFormat.cpp in Sources */ = {isa = PBXBuildFile; fileRef = A886F88044A01E0874CF0E90 /* tPixelFormat.cpp */; };
/* End PBXBuildFile section */

/* Begin PBXContainerItemProxy section */
		0910774BB24216731F52B233 /* PBXContainerItemProxy */ = {
			isa = PBXContainerItemProxy;
			containerPortal = 67A2558140FC620D84B8A31D /* Project object */;
			proxyType = 1;
			remoteGlobalIDString = 515CC8972C53D30D8A605B24;
			remoteInfo = "Whiteboard Support";
		};
/* End PBXContainerItemProxy section */

/* Begin PBXFileReference section */
		0429BE46EE8659F09B60117D /* tProgram.h */ = {isa = PBXFileReference; lastKnownFileType = sourcecode.c.h; path = tProgram.h; sourceTree = "<group>"; };
		09FA150B7647EA6DADF9AAF9 /* tTexture.cpp */ = {isa = PBXFileReference; lastKnownFileType = sourcecode.cpp.cpp; path = tTexture.cpp; sourceTree = "<group>"; };
		0CA36C5DBD6E5C8407C77041 /* tTimerPeer.mm */ = {isa = PBXFileReference; lastKnownFileType = sourcecode.cpp.objcpp; path = tTimerPeer.mm; sourceTree = "<group>"; };
		0DD38E8E271D3344A9BDC4D6 /* AddressBook.framework */ = {isa = PBXFileReference; lastKnownFileType = wrapper.framework; name = AddressBook.framework; path = System/Library/Frameworks/AddressBook.framework; sourceTree = SDKROOT; };
		1577E9F807E0CE719F9BC9EF /* package.h */ = {isa = PBXFileReference; lastKnownFileType = sourcecode.c.h; path = package.h; sourceTree = "<group>"; };
		162161BA2B1E8D921DD37F73 /* tTimerPeer.h */ = {isa = PBXFileReference; lastKnownFileType = sourcecode.c.h; path = tTimerPeer.h; sourceTree = "<group>"; };
		163EC79BB530657307FA85C0 /* tPixelFormat.h */ = {isa = PBXFileReference; lastKnownFileType = sourcecode.c.h; path = tPixelFormat.h; sourceTree = "<group>"; };
		16ACDD539B2DE6068F7C460F /* tTimer.cpp */ = {isa = PBXFileReference; lastKnownFileType = sourcecode.cpp.cpp; path = tTimer.cpp; sourceTree = "<group>"; };
		18706E684443CA2FE1BC4B6F /* Whiteboard.h */ = {isa = PBXFileReference; lastKnownFileType = sourcecode.c.h; path = Whiteboard.h; sourceTree = "<group>"; };
		1973A9A42F49A5099790D0EF /* tFile.h */ = {isa = PBXFileReference; lastKnownFileType = sourcecode.c.h; path = tFile.h; sourceTree = "<group>"; };
		272118C382ADB0788DD475C9 /* AudioToolbox.framework */ = {isa = PBXFileReference; lastKnownFileType = wrapper.framework; name = AudioToolbox.framework; path = System/Library/Frameworks/AudioToolbox.framework; sourceTree = SDKROOT; };
		30060B4CDC358A711E95F89F /* tSingleton.h */ = {isa = PBXFileReference; lastKnownFileType = sourcecode.c.h; path = tSingleton.h; sourceTree = "<group>"; };
		34C0D4F7099ED6BF3D33FA3B /* Whiteboard.gyp */ = {isa = PBXFileReference; lastKnownFileType = text; path = Whiteboard.gyp; sourceTree = "<group>"; };
		36569ED15C81D2B6924E0A43 /* AddressBookUI.framework */ = {isa = PBXFileReference; lastKnownFileType = wrapper.framework; name = AddressBookUI.framework; path = System/Library/Frameworks/AddressBookUI.framework; sourceTree = SDKROOT; };
		411E6E215ABA730DE4EFC537 /* CoreGraphics.framework */ = {isa = PBXFileReference; lastKnownFileType = wrapper.framework; name = CoreGraphics.framework; path = System/Library/Frameworks/CoreGraphics.framework; sourceTree = SDKROOT; };
		41457BA618A6B6E8FCBB620F /* main.mm */ = {isa = PBXFileReference; lastKnownFileType = sourcecode.cpp.objcpp; path = main.mm; sourceTree = "<group>"; };
		45AD10DD26EE99758E0D4670 /* OpenGLES.framework */ = {isa = PBXFileReference; lastKnownFileType = wrapper.framework; name = OpenGLES.framework; path = System/Library/Frameworks/OpenGLES.framework; sourceTree = SDKROOT; };
		4E04FFB30970A2024C54F732 /* package.h */ = {isa = PBXFileReference; lastKnownFileType = sourcecode.c.h; path = package.h; sourceTree = "<group>"; };
		527886977B9E5089544AE192 /* QuartzCore.framework */ = {isa = PBXFileReference; lastKnownFileType = wrapper.framework; name = QuartzCore.framework; path = System/Library/Frameworks/QuartzCore.framework; sourceTree = SDKROOT; };
		54F13C3695EF1AFD28251AA1 /* ViewController.mm */ = {isa = PBXFileReference; lastKnownFileType = sourcecode.cpp.objcpp; path = ViewController.mm; sourceTree = "<group>"; };
		5CC4B70BEEC99963F5664C49 /* tSurface.cpp */ = {isa = PBXFileReference; lastKnownFileType = sourcecode.cpp.cpp; path = tSurface.cpp; sourceTree = "<group>"; };
		603C9E71B91A9016A51D1E71 /* AppFlow.mm */ = {isa = PBXFileReference; lastKnownFileType = sourcecode.cpp.objcpp; path = AppFlow.mm; sourceTree = "<group>"; };
		6108D4974A4F608C82695D7E /* AVFoundation.framework */ = {isa = PBXFileReference; lastKnownFileType = wrapper.framework; name = AVFoundation.framework; path = System/Library/Frameworks/AVFoundation.framework; sourceTree = SDKROOT; };
		660D15570C361C4FA223B2F4 /* LoginView.h */ = {isa = PBXFileReference; lastKnownFileType = sourcecode.c.h; path = LoginView.h; sourceTree = "<group>"; };
		6685E894D5550CC4BF98F9AA /* tObserver.h */ = {isa = PBXFileReference; lastKnownFileType = sourcecode.c.h; path = tObserver.h; sourceTree = "<group>"; };
		67BEF084A2C1D3D8243B9D50 /* MediaPlayer.framework */ = {isa = PBXFileReference; lastKnownFileType = wrapper.framework; name = MediaPlayer.framework; path = System/Library/Frameworks/MediaPlayer.framework; sourceTree = SDKROOT; };
		6E8702E0A9DA06D164F7B222 /* package.h */ = {isa = PBXFileReference; lastKnownFileType = sourcecode.c.h; path = package.h; sourceTree = "<group>"; };
		6ED41382B83EB60BAABE37AF /* MobileCoreServices.framework */ = {isa = PBXFileReference; lastKnownFileType = wrapper.framework; name = MobileCoreServices.framework; path = System/Library/Frameworks/MobileCoreServices.framework; sourceTree = SDKROOT; };
		6ED41AECA7228AC2DAE0544D /* Whiteboard.app */ = {isa = PBXFileReference; explicitFileType = wrapper.application; includeInIndex = 0; path = Whiteboard.app; sourceTree = BUILT_PRODUCTS_DIR; };
		6FB4AF36FFF22EBC087E5300 /* tSGView.h */ = {isa = PBXFileReference; lastKnownFileType = sourcecode.c.h; path = tSGView.h; sourceTree = "<group>"; };
		719929FE4CB470A6AD62DF0F /* spritesheet.frag */ = {isa = PBXFileReference; lastKnownFileType = text; path = spritesheet.frag; sourceTree = "<group>"; };
		75E6EA81F45BFF94EFDA772A /* www */ = {isa = PBXFileReference; lastKnownFileType = text; path = www; sourceTree = "<group>"; };
		798C2F236D3430DEA91BF7E8 /* package.h */ = {isa = PBXFileReference; lastKnownFileType = sourcecode.c.h; path = package.h; sourceTree = "<group>"; };
		83102A9266B2BB0C3F20849B /* OpenGLView.mm */ = {isa = PBXFileReference; lastKnownFileType = sourcecode.cpp.objcpp; path = OpenGLView.mm; sourceTree = "<group>"; };
		8A8261567DAEB3F988BB2131 /* GCICallcast.mm */ = {isa = PBXFileReference; lastKnownFileType = sourcecode.cpp.objcpp; path = GCICallcast.mm; sourceTree = "<group>"; };
		8E14DE79388DB788006202E1 /* package.h */ = {isa = PBXFileReference; lastKnownFileType = sourcecode.c.h; path = package.h; sourceTree = "<group>"; };
		91ED334047D6952BD18C6F02 /* common.gypi */ = {isa = PBXFileReference; lastKnownFileType = text; path = common.gypi; sourceTree = "<group>"; };
		958E5799A1690D9865ED35E3 /* OpenGLView.h */ = {isa = PBXFileReference; lastKnownFileType = sourcecode.c.h; path = OpenGLView.h; sourceTree = "<group>"; };
		95ED5BBA83A915FFE39E7910 /* GCICallcast.h */ = {isa = PBXFileReference; lastKnownFileType = sourcecode.c.h; path = GCICallcast.h; sourceTree = "<group>"; };
		A0B09A4813FF124C1769DFB6 /* CallcastManager.h */ = {isa = PBXFileReference; lastKnownFileType = sourcecode.c.h; path = CallcastManager.h; sourceTree = "<group>"; };
		A3B52E3EA721B2C116CB4BDF /* tShader.cpp */ = {isa = PBXFileReference; lastKnownFileType = sourcecode.cpp.cpp; path = tShader.cpp; sourceTree = "<group>"; };
		A3F93D338886817C741D112E /* tSurfacePeer.mm */ = {isa = PBXFileReference; lastKnownFileType = sourcecode.cpp.objcpp; path = tSurfacePeer.mm; sourceTree = "<group>"; };
		A63636BF3A27670FC32856BD /* tTimer.h */ = {isa = PBXFileReference; lastKnownFileType = sourcecode.c.h; path = tTimer.h; sourceTree = "<group>"; };
		A79C1004A56BA9D1E9F59BEA /* CallcastEvent.h */ = {isa = PBXFileReference; lastKnownFileType = sourcecode.c.h; path = CallcastEvent.h; sourceTree = "<group>"; };
		A886F88044A01E0874CF0E90 /* tPixelFormat.cpp */ = {isa = PBXFileReference; lastKnownFileType = sourcecode.cpp.cpp; path = tPixelFormat.cpp; sourceTree = "<group>"; };
		A972318042313B22BC557297 /* LoginView.mm */ = {isa = PBXFileReference; lastKnownFileType = sourcecode.cpp.objcpp; path = LoginView.mm; sourceTree = "<group>"; };
		ACBD77BC320339AFCEBD05E2 /* CoreMedia.framework */ = {isa = PBXFileReference; lastKnownFileType = wrapper.framework; name = CoreMedia.framework; path = System/Library/Frameworks/CoreMedia.framework; sourceTree = SDKROOT; };
		AD5C7E76A38BAEB35D1918BD /* tInputManager.h */ = {isa = PBXFileReference; lastKnownFileType = sourcecode.c.h; path = tInputManager.h; sourceTree = "<group>"; };
		B223B800A90B3F0B86B7773C /* GoToken.png */ = {isa = PBXFileReference; lastKnownFileType = image.png; path = GoToken.png; sourceTree = "<group>"; };
		B4A1C41114DCC0B1EBECB2F1 /* tFile.mm */ = {isa = PBXFileReference; lastKnownFileType = sourcecode.cpp.objcpp; path = tFile.mm; sourceTree = "<group>"; };
		BB0EB80998DFA7694A110275 /* AppFlow.h */ = {isa = PBXFileReference; lastKnownFileType = sourcecode.c.h; path = AppFlow.h; sourceTree = "<group>"; };
		BD93EAF6357AA13C5AB576C6 /* tShader.h */ = {isa = PBXFileReference; lastKnownFileType = sourcecode.c.h; path = tShader.h; sourceTree = "<group>"; };
		C139DA84CC3CF2A2CD32F273 /* spritesheet.vert */ = {isa = PBXFileReference; lastKnownFileType = text; path = spritesheet.vert; sourceTree = "<group>"; };
		C1D41AD2FC7F4C2A868E0AD9 /* tTouchEvent.h */ = {isa = PBXFileReference; lastKnownFileType = sourcecode.c.h; path = tTouchEvent.h; sourceTree = "<group>"; };
		C3F0A3BABBF2DF03643E0EFF /* AppFlow.tgf */ = {isa = PBXFileReference; lastKnownFileType = text; path = AppFlow.tgf; sourceTree = "<group>"; };
		C62FC56C15FB86F8E24A55CA /* libCordova.a */ = {isa = PBXFileReference; lastKnownFileType = archive.ar; name = libCordova.a; path = "../../third-party/CordovaLib/lib/$(CURRENT_ARCH)/debug/libCordova.a"; sourceTree = "<group>"; };
		C838069FCF6EACE9304AE10C /* CFNetwork.framework */ = {isa = PBXFileReference; lastKnownFileType = wrapper.framework; name = CFNetwork.framework; path = System/Library/Frameworks/CFNetwork.framework; sourceTree = SDKROOT; };
		C9890DFA3B3AC133E3BECABB /* en */ = {isa = PBXFileReference; lastKnownFileType = file.xib; name = en; path = en.lproj/MainViewController.xib; sourceTree = "<group>"; };
		CCEF333632CC882A1C51723D /* tSurface.h */ = {isa = PBXFileReference; lastKnownFileType = sourcecode.c.h; path = tSurface.h; sourceTree = "<group>"; };
		CFF5BBC4DAF71060AA586293 /* tProgram.cpp */ = {isa = PBXFileReference; lastKnownFileType = sourcecode.cpp.cpp; path = tProgram.cpp; sourceTree = "<group>"; };
		D21DC43692508DB38C23866C /* UIKit.framework */ = {isa = PBXFileReference; lastKnownFileType = wrapper.framework; name = UIKit.framework; path = System/Library/Frameworks/UIKit.framework; sourceTree = SDKROOT; };
		D7194E88971AA4E5865F3427 /* Cordova.plist */ = {isa = PBXFileReference; lastKnownFileType = text.plist.xml; path = Cordova.plist; sourceTree = "<group>"; };
		DCFFB3193E4FDBEDD0C2656F /* SystemConfiguration.framework */ = {isa = PBXFileReference; lastKnownFileType = wrapper.framework; name = SystemConfiguration.framework; path = System/Library/Frameworks/SystemConfiguration.framework; sourceTree = SDKROOT; };
		E2C6A77649394EDC73D6F79A /* tMouseEvent.h */ = {isa = PBXFileReference; lastKnownFileType = sourcecode.c.h; path = tMouseEvent.h; sourceTree = "<group>"; };
		E4A399B89C6D8B4A74FDF8F2 /* Default-568h@2x.png */ = {isa = PBXFileReference; lastKnownFileType = image.png; path = "Default-568h@2x.png"; sourceTree = "<group>"; };
		E5C8BA65286D17F0A1409AF2 /* tRect.h */ = {isa = PBXFileReference; lastKnownFileType = sourcecode.c.h; path = tRect.h; sourceTree = "<group>"; };
		E76DF83DF7F2CB9EC0070067 /* tSGView.cpp */ = {isa = PBXFileReference; lastKnownFileType = sourcecode.cpp.cpp; path = tSGView.cpp; sourceTree = "<group>"; };
		E96BF3286BB78EAAADC0A57A /* Foundation.framework */ = {isa = PBXFileReference; lastKnownFileType = wrapper.framework; name = Foundation.framework; path = System/Library/Frameworks/Foundation.framework; sourceTree = SDKROOT; };
		EB08A3480B47BB3F94165A7E /* en */ = {isa = PBXFileReference; lastKnownFileType = text.plist.strings; name = en; path = en.lproj/InfoPlist.strings; sourceTree = "<group>"; };
		EB1E3D7822671F1C635CB8EC /* tTexture.h */ = {isa = PBXFileReference; lastKnownFileType = sourcecode.c.h; path = tTexture.h; sourceTree = "<group>"; };
		EDA9BE0D90319E141D72EDF3 /* en */ = {isa = PBXFileReference; lastKnownFileType = file.xib; name = en; path = en.lproj/LoginView.xib; sourceTree = "<group>"; };
		F0A74EBFC5BBEEB301BE0385 /* Whiteboard.mm */ = {isa = PBXFileReference; lastKnownFileType = sourcecode.cpp.objcpp; path = Whiteboard.mm; sourceTree = "<group>"; };
		F22E1B898E321323B65CC832 /* AppDelegate.h */ = {isa = PBXFileReference; lastKnownFileType = sourcecode.c.h; path = AppDelegate.h; sourceTree = "<group>"; };
		F36CE187C31FC8D8E7850881 /* CoreLocation.framework */ = {isa = PBXFileReference; lastKnownFileType = wrapper.framework; name = CoreLocation.framework; path = System/Library/Frameworks/CoreLocation.framework; sourceTree = SDKROOT; };
		F7C98D8853AB3806EE7996DC /* AppDelegate.mm */ = {isa = PBXFileReference; lastKnownFileType = sourcecode.cpp.objcpp; path = AppDelegate.mm; sourceTree = "<group>"; };
		FC35A86CC58356684DE84BB6 /* ViewController.h */ = {isa = PBXFileReference; lastKnownFileType = sourcecode.c.h; path = ViewController.h; sourceTree = "<group>"; };
/* End PBXFileReference section */

/* Begin PBXFrameworksBuildPhase section */
		8396E7F361BCE491C4C90B1F /* Frameworks */ = {
			isa = PBXFrameworksBuildPhase;
			buildActionMask = 2147483647;
			files = (
				409CF818EDBDAF0190FF55D1 /* libCordova.a in Frameworks */,
				6CC80D77E21DC31ADDFADC15 /* UIKit.framework in Frameworks */,
				39352D225AC67D257B691EB7 /* Foundation.framework in Frameworks */,
				396C5F55E07DE574E484F9BB /* CoreGraphics.framework in Frameworks */,
				EFC3D4A78AC709AE5064DCEB /* QuartzCore.framework in Frameworks */,
				DE318249CDF7AA5BB3B1A04E /* OpenGLES.framework in Frameworks */,
				86001511C0C7AF6D34004EB5 /* AddressBook.framework in Frameworks */,
				7D16CBAD06DF4F1A967DF631 /* AddressBookUI.framework in Frameworks */,
				16CF3C06892FA0159F56BA42 /* AudioToolbox.framework in Frameworks */,
				B1A24D4B4B5F7BA13770ACCD /* AVFoundation.framework in Frameworks */,
				3F3C09E0AA2E282E0316B180 /* CFNetwork.framework in Frameworks */,
				424D412D985449097C8DC6C5 /* CoreLocation.framework in Frameworks */,
				8F76F8A83A1068014EFE939F /* MediaPlayer.framework in Frameworks */,
				8913F2CA806F26838BC984FD /* SystemConfiguration.framework in Frameworks */,
				708293EA325395C555B447EF /* MobileCoreServices.framework in Frameworks */,
				4D11AA21F0C6BD08E4DBDF4B /* CoreMedia.framework in Frameworks */,
			);
			runOnlyForDeploymentPostprocessing = 0;
		};
/* End PBXFrameworksBuildPhase section */

/* Begin PBXGroup section */
		0456162378FBD0D1E5D4D6A8 = {
			isa = PBXGroup;
			children = (
				9C591780E65AB8AD6C296443 /* Source */,
				B9BFB966E790BCF160C31701 /* Frameworks */,
				9E8C6BA8EAF2B93AB6CCEE95 /* Products */,
				591CE5712EF39658DE06ED3F /* Build */,
			);
			sourceTree = "<group>";
		};
		07C28267F6D2C676389324AE /* ios */ = {
			isa = PBXGroup;
			children = (
				162161BA2B1E8D921DD37F73 /* tTimerPeer.h */,
				0CA36C5DBD6E5C8407C77041 /* tTimerPeer.mm */,
			);
			path = ios;
			sourceTree = "<group>";
		};
		1A57C9A3E57C586652899771 /* ios */ = {
			isa = PBXGroup;
			children = (
				D7194E88971AA4E5865F3427 /* Cordova.plist */,
				E4A399B89C6D8B4A74FDF8F2 /* Default-568h@2x.png */,
				B223B800A90B3F0B86B7773C /* GoToken.png */,
				9C18CE4BB4E9C8DF93918E29 /* InfoPlist.strings */,
				AB7B1641F15746F6CCA6A169 /* LoginView.xib */,
				3AA6537E0CC26EF4A781B899 /* MainViewController.xib */,
				719929FE4CB470A6AD62DF0F /* spritesheet.frag */,
				C139DA84CC3CF2A2CD32F273 /* spritesheet.vert */,
			);
			path = ios;
			sourceTree = "<group>";
		};
		2A0876C2C14BAE99E2AB2EE2 /* Base */ = {
			isa = PBXGroup;
			children = (
				07C28267F6D2C676389324AE /* ios */,
				8E14DE79388DB788006202E1 /* package.h */,
				6685E894D5550CC4BF98F9AA /* tObserver.h */,
				30060B4CDC358A711E95F89F /* tSingleton.h */,
				16ACDD539B2DE6068F7C460F /* tTimer.cpp */,
				A63636BF3A27670FC32856BD /* tTimer.h */,
			);
			path = Base;
			sourceTree = "<group>";
		};
		4365B0A1D9BD6AAAF27800A3 /* Bootstrap/ios */ = {
			isa = PBXGroup;
			children = (
				F22E1B898E321323B65CC832 /* AppDelegate.h */,
				F7C98D8853AB3806EE7996DC /* AppDelegate.mm */,
				958E5799A1690D9865ED35E3 /* OpenGLView.h */,
				83102A9266B2BB0C3F20849B /* OpenGLView.mm */,
				FC35A86CC58356684DE84BB6 /* ViewController.h */,
				54F13C3695EF1AFD28251AA1 /* ViewController.mm */,
				41457BA618A6B6E8FCBB620F /* main.mm */,
			);
			path = Bootstrap/ios;
			sourceTree = "<group>";
		};
		591CE5712EF39658DE06ED3F /* Build */ = {
			isa = PBXGroup;
			children = (
				34C0D4F7099ED6BF3D33FA3B /* Whiteboard.gyp */,
				91ED334047D6952BD18C6F02 /* common.gypi */,
			);
			name = Build;
			sourceTree = "<group>";
		};
		5B5CF35D83D253D7A1B819A0 /* Input */ = {
			isa = PBXGroup;
			children = (
				4E04FFB30970A2024C54F732 /* package.h */,
				AD5C7E76A38BAEB35D1918BD /* tInputManager.h */,
				E2C6A77649394EDC73D6F79A /* tMouseEvent.h */,
				C1D41AD2FC7F4C2A868E0AD9 /* tTouchEvent.h */,
			);
			path = Input;
			sourceTree = "<group>";
		};
		6381099333F5B2976BCE4350 /* tgf/Testbed/Whiteboard */ = {
			isa = PBXGroup;
			children = (
				C3F0A3BABBF2DF03643E0EFF /* AppFlow.tgf */,
			);
			path = tgf/Testbed/Whiteboard;
			sourceTree = "<group>";
		};
		9C591780E65AB8AD6C296443 /* Source */ = {
			isa = PBXGroup;
			children = (
				C2C0057F6E15439AFBEB8CB4 /* rsrc */,
				CE3F2E0D4AEF97F316C4725B /* source */,
				6381099333F5B2976BCE4350 /* tgf/Testbed/Whiteboard */,
			);
			name = Source;
			path = ../..;
			sourceTree = "<group>";
		};
		9E8C6BA8EAF2B93AB6CCEE95 /* Products */ = {
			isa = PBXGroup;
			children = (
				6ED41AECA7228AC2DAE0544D /* Whiteboard.app */,
			);
			name = Products;
			sourceTree = "<group>";
		};
		B0BE676F653BDDF6021A3760 /* ios */ = {
			isa = PBXGroup;
			children = (
				B4A1C41114DCC0B1EBECB2F1 /* tFile.mm */,
			);
			path = ios;
			sourceTree = "<group>";
		};
		B725B79358BFD482911D6690 /* Io */ = {
			isa = PBXGroup;
			children = (
				B0BE676F653BDDF6021A3760 /* ios */,
				6E8702E0A9DA06D164F7B222 /* package.h */,
				1973A9A42F49A5099790D0EF /* tFile.h */,
			);
			path = Io;
			sourceTree = "<group>";
		};
		B9BFB966E790BCF160C31701 /* Frameworks */ = {
			isa = PBXGroup;
			children = (
				6108D4974A4F608C82695D7E /* AVFoundation.framework */,
				0DD38E8E271D3344A9BDC4D6 /* AddressBook.framework */,
				36569ED15C81D2B6924E0A43 /* AddressBookUI.framework */,
				272118C382ADB0788DD475C9 /* AudioToolbox.framework */,
				C838069FCF6EACE9304AE10C /* CFNetwork.framework */,
				411E6E215ABA730DE4EFC537 /* CoreGraphics.framework */,
				F36CE187C31FC8D8E7850881 /* CoreLocation.framework */,
				ACBD77BC320339AFCEBD05E2 /* CoreMedia.framework */,
				E96BF3286BB78EAAADC0A57A /* Foundation.framework */,
				67BEF084A2C1D3D8243B9D50 /* MediaPlayer.framework */,
				6ED41382B83EB60BAABE37AF /* MobileCoreServices.framework */,
				45AD10DD26EE99758E0D4670 /* OpenGLES.framework */,
				527886977B9E5089544AE192 /* QuartzCore.framework */,
				DCFFB3193E4FDBEDD0C2656F /* SystemConfiguration.framework */,
				D21DC43692508DB38C23866C /* UIKit.framework */,
				C62FC56C15FB86F8E24A55CA /* libCordova.a */,
			);
			name = Frameworks;
			sourceTree = "<group>";
		};
		C13269C2F9824393A4C48914 /* Testbed/Whiteboard */ = {
			isa = PBXGroup;
			children = (
				BB0EB80998DFA7694A110275 /* AppFlow.h */,
				603C9E71B91A9016A51D1E71 /* AppFlow.mm */,
				A79C1004A56BA9D1E9F59BEA /* CallcastEvent.h */,
				A0B09A4813FF124C1769DFB6 /* CallcastManager.h */,
				95ED5BBA83A915FFE39E7910 /* GCICallcast.h */,
				8A8261567DAEB3F988BB2131 /* GCICallcast.mm */,
				660D15570C361C4FA223B2F4 /* LoginView.h */,
				A972318042313B22BC557297 /* LoginView.mm */,
				18706E684443CA2FE1BC4B6F /* Whiteboard.h */,
				F0A74EBFC5BBEEB301BE0385 /* Whiteboard.mm */,
			);
			path = Testbed/Whiteboard;
			sourceTree = "<group>";
		};
		C2C0057F6E15439AFBEB8CB4 /* rsrc */ = {
			isa = PBXGroup;
			children = (
				1A57C9A3E57C586652899771 /* ios */,
				75E6EA81F45BFF94EFDA772A /* www */,
			);
			path = rsrc;
			sourceTree = "<group>";
		};
		CD1732A175D168FAB36BB309 /* OpenGL */ = {
			isa = PBXGroup;
			children = (
				E2A526ED07BF7CAF0FA786F8 /* ios */,
				798C2F236D3430DEA91BF7E8 /* package.h */,
				A886F88044A01E0874CF0E90 /* tPixelFormat.cpp */,
				163EC79BB530657307FA85C0 /* tPixelFormat.h */,
				CFF5BBC4DAF71060AA586293 /* tProgram.cpp */,
				0429BE46EE8659F09B60117D /* tProgram.h */,
				E76DF83DF7F2CB9EC0070067 /* tSGView.cpp */,
				6FB4AF36FFF22EBC087E5300 /* tSGView.h */,
				A3B52E3EA721B2C116CB4BDF /* tShader.cpp */,
				BD93EAF6357AA13C5AB576C6 /* tShader.h */,
				5CC4B70BEEC99963F5664C49 /* tSurface.cpp */,
				CCEF333632CC882A1C51723D /* tSurface.h */,
				09FA150B7647EA6DADF9AAF9 /* tTexture.cpp */,
				EB1E3D7822671F1C635CB8EC /* tTexture.h */,
			);
			path = OpenGL;
			sourceTree = "<group>";
		};
		CE3F2E0D4AEF97F316C4725B /* source */ = {
			isa = PBXGroup;
			children = (
				2A0876C2C14BAE99E2AB2EE2 /* Base */,
				4365B0A1D9BD6AAAF27800A3 /* Bootstrap/ios */,
				5B5CF35D83D253D7A1B819A0 /* Input */,
				B725B79358BFD482911D6690 /* Io */,
				D8A89EC23F5F025598003924 /* Math */,
				CD1732A175D168FAB36BB309 /* OpenGL */,
				C13269C2F9824393A4C48914 /* Testbed/Whiteboard */,
			);
			path = source;
			sourceTree = "<group>";
		};
		D8A89EC23F5F025598003924 /* Math */ = {
			isa = PBXGroup;
			children = (
				1577E9F807E0CE719F9BC9EF /* package.h */,
				E5C8BA65286D17F0A1409AF2 /* tRect.h */,
			);
			path = Math;
			sourceTree = "<group>";
		};
		E2A526ED07BF7CAF0FA786F8 /* ios */ = {
			isa = PBXGroup;
			children = (
				A3F93D338886817C741D112E /* tSurfacePeer.mm */,
			);
			path = ios;
			sourceTree = "<group>";
		};
/* End PBXGroup section */

/* Begin PBXNativeTarget section */
		63B60E9CAA0F1218D90A5858 /* Whiteboard */ = {
			isa = PBXNativeTarget;
			buildConfigurationList = 612D4392BFE03C2B188F8564 /* Build configuration list for PBXNativeTarget "Whiteboard" */;
			buildPhases = (
				E9F6981539C4D066BE77E917 /* Resources */,
				3B903E3429FE2BEAAD7EFB1C /* Sources */,
				8396E7F361BCE491C4C90B1F /* Frameworks */,
			);
			buildRules = (
			);
			dependencies = (
				61ED4DF1232FA65923CF56F2 /* PBXTargetDependency */,
			);
			name = Whiteboard;
			productName = Whiteboard;
			productReference = 6ED41AECA7228AC2DAE0544D /* Whiteboard.app */;
			productType = "com.apple.product-type.application";
		};
/* End PBXNativeTarget section */

/* Begin PBXProject section */
		67A2558140FC620D84B8A31D /* Project object */ = {
			isa = PBXProject;
			attributes = {
				BuildIndependentTargetsInParallel = YES;
			};
			buildConfigurationList = 61B74A76653AB34E196D8845 /* Build configuration list for PBXProject "Whiteboard" */;
			compatibilityVersion = "Xcode 3.2";
			hasScannedForEncodings = 1;
			mainGroup = 0456162378FBD0D1E5D4D6A8;
			projectDirPath = ../common;
			projectRoot = "";
			targets = (
				63B60E9CAA0F1218D90A5858 /* Whiteboard */,
				515CC8972C53D30D8A605B24 /* Whiteboard Support */,
			);
		};
/* End PBXProject section */

/* Begin PBXResourcesBuildPhase section */
		E9F6981539C4D066BE77E917 /* Resources */ = {
			isa = PBXResourcesBuildPhase;
			buildActionMask = 2147483647;
			files = (
				4BC638273B940433AF27AA78 /* Default-568h@2x.png in Resources */,
				B93B2ABE90CF29C2B1DCDEC6 /* GoToken.png in Resources */,
				2BDB2E97D7B1EEAFF0353237 /* spritesheet.frag in Resources */,
				68237C817295E74AC96AA6F6 /* spritesheet.vert in Resources */,
				9D4BA471DBA6896377916236 /* Cordova.plist in Resources */,
				0D44EEFBC2E22C706C4C33BE /* www in Resources */,
				40A31024BB4C2E1C211B53F1 /* InfoPlist.strings in Resources */,
				5BF9075B3452F63A4EFAC32F /* MainViewController.xib in Resources */,
				A03F46E5AA26EF2AF340F882 /* LoginView.xib in Resources */,
			);
			runOnlyForDeploymentPostprocessing = 0;
		};
/* End PBXResourcesBuildPhase section */

/* Begin PBXShellScriptBuildPhase section */
		0A8E0DCD8720BFDF6B395EBC /* Action "AppFlow.tgf" */ = {
			isa = PBXShellScriptBuildPhase;
			buildActionMask = 2147483647;
			files = (
			);
			inputPaths = (
				../../tgf/Testbed/Whiteboard/AppFlow.tgf,
			);
			name = "Action \"AppFlow.tgf\"";
			outputPaths = (
				../../source/Testbed/Whiteboard/AppFlow.h,
			);
			runOnlyForDeploymentPostprocessing = 0;
			shellPath = /bin/sh;
			shellScript = "exec /Volumes/Lab/tools/graphcode ../../tgf/Testbed/Whiteboard/AppFlow.tgf --machine AppFlow --include-exit --update --debug --basic-stf --libtate -o ../../source/Testbed/Whiteboard/AppFlow.h\nexit 1\n";
			showEnvVarsInLog = 0;
		};
/* End PBXShellScriptBuildPhase section */

/* Begin PBXSourcesBuildPhase section */
		3B903E3429FE2BEAAD7EFB1C /* Sources */ = {
			isa = PBXSourcesBuildPhase;
			buildActionMask = 2147483647;
			files = (
				86D32EB4891AB4DD0E21D54E /* AppFlow.mm in Sources */,
				48A5FDC8303E0CCFF05C6501 /* LoginView.mm in Sources */,
				BDAFD7E6592AF0F56CFF3E53 /* Whiteboard.mm in Sources */,
				00E671627FC87D55009500F2 /* GCICallcast.mm in Sources */,
				BAE7393A97C01052CA3B366B /* tTimer.cpp in Sources */,
				C24DBB7353A4D7718C4F6E9C /* tTimerPeer.mm in Sources */,
				4A0AEDAAF950A39FC7583DAA /* tFile.mm in Sources */,
				FB5FA224983BAEAC5A8A15C7 /* tPixelFormat.cpp in Sources */,
				232A49082F5C6A2625EFDE22 /* tProgram.cpp in Sources */,
				2702F28D754BAC52E636A90D /* tSGView.cpp in Sources */,
				E5A65A712068D2E571523762 /* tShader.cpp in Sources */,
				36C56EB94AAD72B3092F5EC6 /* tSurface.cpp in Sources */,
				B8BE5531CCF911C5C0C7071B /* tSurfacePeer.mm in Sources */,
				A7D404C2CB16B378028BE3AC /* tTexture.cpp in Sources */,
				B0FBDCF52D219D5081778C33 /* OpenGLView.mm in Sources */,
				1370EC95C500FCB189CB1E0F /* AppDelegate.mm in Sources */,
				1DB9E07CCD0C4DDCB199D895 /* main.mm in Sources */,
				0132B78EF001AED4C1A55FB3 /* ViewController.mm in Sources */,
			);
			runOnlyForDeploymentPostprocessing = 0;
		};
/* End PBXSourcesBuildPhase section */

/* Begin PBXTargetDependency section */
		61ED4DF1232FA65923CF56F2 /* PBXTargetDependency */ = {
			isa = PBXTargetDependency;
			target = 515CC8972C53D30D8A605B24 /* Whiteboard Support */;
			targetProxy = 0910774BB24216731F52B233 /* PBXContainerItemProxy */;
		};
/* End PBXTargetDependency section */

/* Begin PBXVariantGroup section */
		3AA6537E0CC26EF4A781B899 /* MainViewController.xib */ = {
			isa = PBXVariantGroup;
			children = (
				C9890DFA3B3AC133E3BECABB /* en */,
			);
			name = MainViewController.xib;
			sourceTree = "<group>";
		};
		9C18CE4BB4E9C8DF93918E29 /* InfoPlist.strings */ = {
			isa = PBXVariantGroup;
			children = (
				EB08A3480B47BB3F94165A7E /* en */,
			);
			name = InfoPlist.strings;
			sourceTree = "<group>";
		};
		AB7B1641F15746F6CCA6A169 /* LoginView.xib */ = {
			isa = PBXVariantGroup;
			children = (
				EDA9BE0D90319E141D72EDF3 /* en */,
			);
			name = LoginView.xib;
			sourceTree = "<group>";
		};
/* End PBXVariantGroup section */

/* Begin XCBuildConfiguration section */
		2F67D0B96E3FEB8CA325F953 /* debug */ = {
			isa = XCBuildConfiguration;
			buildSettings = {
				ALWAYS_SEARCH_USER_PATHS = NO;
				ARCHS = "$(ARCHS_STANDARD_32_64_BIT)";
				CLANG_WARN_EMPTY_BODY = YES;
				CLANG_WARN_IMPLICIT_SIGN_CONVERSION = YES;
				CLANG_WARN_SUSPICIOUS_IMPLICIT_CONVERSION = YES;
				CODE_SIGN_IDENTITY = "iPhone Developer";
				COMBINE_HIDPI_IMAGES = YES;
				COPY_PHASE_STRIP = NO;
				DEAD_CODE_STRIPPING = NO;
				GCC_C_LANGUAGE_STANDARD = gnu99;
				GCC_DYNAMIC_NO_PIC = NO;
				GCC_ENABLE_CPP_EXCEPTIONS = NO;
				GCC_ENABLE_CPP_RTTI = NO;
				GCC_ENABLE_OBJC_EXCEPTIONS = YES;
				GCC_FAST_MATH = NO;
				GCC_GENERATE_DEBUGGING_SYMBOLS = YES;
				GCC_OPTIMIZATION_LEVEL = 0;
				GCC_PREPROCESSOR_DEFINITIONS = (
					"\"PLATFORM_IOS=1\"",
					"\"DEBUG=1\"",
				);
				GCC_STRICT_ALIASING = NO;
				GCC_SYMBOLS_PRIVATE_EXTERN = YES;
				GCC_TREAT_IMPLICIT_FUNCTION_DECLARATIONS_AS_ERRORS = YES;
				GCC_TREAT_INCOMPATIBLE_POINTER_TYPE_WARNINGS_AS_ERRORS = YES;
				GCC_UNROLL_LOOPS = NO;
				GCC_VERSION = com.apple.compilers.llvm.clang.1_0;
				GCC_WARN_64_TO_32_BIT_CONVERSION = YES;
				GCC_WARN_ABOUT_MISSING_FIELD_INITIALIZERS = YES;
				GCC_WARN_ABOUT_MISSING_NEWLINE = YES;
				GCC_WARN_ABOUT_MISSING_PROTOTYPES = YES;
				GCC_WARN_ABOUT_RETURN_TYPE = YES;
				GCC_WARN_FOUR_CHARACTER_CONSTANTS = YES;
				GCC_WARN_INITIALIZER_NOT_FULLY_BRACKETED = YES;
				GCC_WARN_SHADOW = YES;
				GCC_WARN_SIGN_COMPARE = YES;
				GCC_WARN_UNINITIALIZED_AUTOS = YES;
				GCC_WARN_UNKNOWN_PRAGMAS = YES;
				GCC_WARN_UNUSED_FUNCTION = YES;
				GCC_WARN_UNUSED_LABEL = YES;
				GCC_WARN_UNUSED_PARAMETER = YES;
				GCC_WARN_UNUSED_VARIABLE = YES;
				HEADER_SEARCH_PATHS = (
					../../source,
					../../source/Bootstrap/ios,
					"../../third-party/CordovaLib/include",
				);
				INFOPLIST_FILE = ../../rsrc/ios/Whiteboard.plist;
				IPHONEOS_DEPLOYMENT_TARGET = 5.0;
				LD_NO_PIE = NO;
				LIBRARY_SEARCH_PATHS = (
					"../../third-party/CordovaLib/lib/$(CURRENT_ARCH)/debug",
					"$(SDKROOT)/System/Library/Frameworks",
				);
				LLVM_LTO = NO;
				MACOSX_DEPLOYMENT_TARGET = 10.7;
				ONLY_ACTIVE_ARCH = YES;
				OTHER_LDFLAGS = (
					"-weak_framework CoreFoundation",
					"-weak_framework UIKit",
					"-weak_framework AVFoundation",
					"-weak_framework CoreMedia",
					"-weak-lSystem",
					"-all_load",
					"-Obj-C",
				);
				PRODUCT_NAME = Whiteboard;
				RUN_CLANG_STATIC_ANALYZER = YES;
				VALIDATE_PRODUCT = YES;
				WARNING_CFLAGS = (
					"-Wall",
					"-Werror",
					"-Wextra",
					"-Wbad-function-cast",
					"-Wdeclaration-after-statement",
					"-Wmissing-format-attribute",
					"-Wnested-externs",
					"-Wnewline-eof",
					"-Wold-style-definition",
					"-Wredundant-decls",
					"-Wsequence-point",
					"-Wstrict-prototypes",
					"-Wswitch-default",
					"-Wwrite-strings",
					"-Winit-self",
					"-Wcast-align",
					"-Wcast-qual",
					"-Wold-style-cast",
					"-Wpointer-arith",
					"-Wstrict-aliasing",
					"-Wformat=2",
					"-Wuninitialized",
					"-Wmissing-declarations",
					"-Woverloaded-virtual",
					"-Wnon-virtual-dtor",
					"-Wctor-dtor-privacy",
				);
				WRAPPER_PREFIX = "";
			};
			name = debug;
		};
		48AF317B6B1BFC96A9B3F97E /* debug */ = {
			isa = XCBuildConfiguration;
			buildSettings = {
				INTERMEDIATE_DIR = "$(PROJECT_DERIVED_FILE_DIR)/$(CONFIGURATION)";
				SDKROOT = iphoneos;
				SHARED_INTERMEDIATE_DIR = "$(SYMROOT)/DerivedSources/$(CONFIGURATION)";
				SYMROOT = ../../build/ios;
			};
			name = debug;
		};
		826BFD2FB655F3EC3617D4CB /* release */ = {
			isa = XCBuildConfiguration;
			buildSettings = {
				COMBINE_HIDPI_IMAGES = YES;
				PRODUCT_NAME = "Whiteboard Support";
			};
			name = release;
		};
		9DAFA0BE8FFCE54838E37D0F /* release */ = {
			isa = XCBuildConfiguration;
			buildSettings = {
				INTERMEDIATE_DIR = "$(PROJECT_DERIVED_FILE_DIR)/$(CONFIGURATION)";
				SDKROOT = iphoneos;
				SHARED_INTERMEDIATE_DIR = "$(SYMROOT)/DerivedSources/$(CONFIGURATION)";
				SYMROOT = ../../build/ios;
			};
			name = release;
		};
		CBB6FBFC6F0603264B7DD03C /* release */ = {
			isa = XCBuildConfiguration;
			buildSettings = {
				ALWAYS_SEARCH_USER_PATHS = NO;
				ARCHS = "$(ARCHS_STANDARD_32_64_BIT)";
				CLANG_WARN_EMPTY_BODY = YES;
				CLANG_WARN_IMPLICIT_SIGN_CONVERSION = YES;
				CLANG_WARN_SUSPICIOUS_IMPLICIT_CONVERSION = YES;
				CODE_SIGN_IDENTITY = "iPhone Developer";
				COMBINE_HIDPI_IMAGES = YES;
				COPY_PHASE_STRIP = NO;
				DEAD_CODE_STRIPPING = YES;
				GCC_C_LANGUAGE_STANDARD = gnu99;
				GCC_DYNAMIC_NO_PIC = YES;
				GCC_ENABLE_CPP_EXCEPTIONS = NO;
				GCC_ENABLE_CPP_RTTI = NO;
				GCC_ENABLE_OBJC_EXCEPTIONS = YES;
				GCC_FAST_MATH = YES;
				GCC_GENERATE_DEBUGGING_SYMBOLS = NO;
				GCC_OPTIMIZATION_LEVEL = 3;
				GCC_PREPROCESSOR_DEFINITIONS = (
					"\"PLATFORM_IOS=1\"",
					"\"DEBUG=0\"",
				);
				GCC_STRICT_ALIASING = YES;
				GCC_SYMBOLS_PRIVATE_EXTERN = YES;
				GCC_TREAT_IMPLICIT_FUNCTION_DECLARATIONS_AS_ERRORS = YES;
				GCC_TREAT_INCOMPATIBLE_POINTER_TYPE_WARNINGS_AS_ERRORS = YES;
				GCC_UNROLL_LOOPS = YES;
				GCC_VERSION = com.apple.compilers.llvm.clang.1_0;
				GCC_WARN_64_TO_32_BIT_CONVERSION = YES;
				GCC_WARN_ABOUT_MISSING_FIELD_INITIALIZERS = YES;
				GCC_WARN_ABOUT_MISSING_NEWLINE = YES;
				GCC_WARN_ABOUT_MISSING_PROTOTYPES = YES;
				GCC_WARN_ABOUT_RETURN_TYPE = YES;
				GCC_WARN_FOUR_CHARACTER_CONSTANTS = YES;
				GCC_WARN_INITIALIZER_NOT_FULLY_BRACKETED = YES;
				GCC_WARN_SHADOW = YES;
				GCC_WARN_SIGN_COMPARE = YES;
				GCC_WARN_UNINITIALIZED_AUTOS = YES;
				GCC_WARN_UNKNOWN_PRAGMAS = YES;
				GCC_WARN_UNUSED_FUNCTION = YES;
				GCC_WARN_UNUSED_LABEL = YES;
				GCC_WARN_UNUSED_PARAMETER = YES;
				GCC_WARN_UNUSED_VARIABLE = YES;
				HEADER_SEARCH_PATHS = (
					../../source,
					../../source/Bootstrap/ios,
					"../../third-party/CordovaLib/include",
				);
				INFOPLIST_FILE = ../../rsrc/ios/Whiteboard.plist;
				IPHONEOS_DEPLOYMENT_TARGET = 5.0;
				LD_NO_PIE = YES;
				LIBRARY_SEARCH_PATHS = (
					"../../third-party/CordovaLib/lib/$(CURRENT_ARCH)/debug",
					"$(SDKROOT)/System/Library/Frameworks",
				);
				LLVM_LTO = NO;
				MACOSX_DEPLOYMENT_TARGET = 10.7;
				ONLY_ACTIVE_ARCH = NO;
				OTHER_LDFLAGS = (
					"-weak_framework CoreFoundation",
					"-weak_framework UIKit",
					"-weak_framework AVFoundation",
					"-weak_framework CoreMedia",
					"-weak-lSystem",
					"-all_load",
					"-Obj-C",
				);
				PRODUCT_NAME = Whiteboard;
				RUN_CLANG_STATIC_ANALYZER = YES;
				VALIDATE_PRODUCT = YES;
				WARNING_CFLAGS = (
					"-Wall",
					"-Werror",
					"-Wextra",
					"-Wbad-function-cast",
					"-Wdeclaration-after-statement",
					"-Wmissing-format-attribute",
					"-Wnested-externs",
					"-Wnewline-eof",
					"-Wold-style-definition",
					"-Wredundant-decls",
					"-Wsequence-point",
					"-Wstrict-prototypes",
					"-Wswitch-default",
					"-Wwrite-strings",
					"-Winit-self",
					"-Wcast-align",
					"-Wcast-qual",
					"-Wold-style-cast",
					"-Wpointer-arith",
					"-Wstrict-aliasing",
					"-Wformat=2",
					"-Wuninitialized",
					"-Wmissing-declarations",
					"-Woverloaded-virtual",
					"-Wnon-virtual-dtor",
					"-Wctor-dtor-privacy",
				);
				WRAPPER_PREFIX = "";
			};
			name = release;
		};
		E968F52A9C7574B4A8CF5963 /* debug */ = {
			isa = XCBuildConfiguration;
			buildSettings = {
				COMBINE_HIDPI_IMAGES = YES;
				PRODUCT_NAME = "Whiteboard Support";
			};
			name = debug;
		};
/* End XCBuildConfiguration section */

/* Begin XCConfigurationList section */
		612D4392BFE03C2B188F8564 /* Build configuration list for PBXNativeTarget "Whiteboard" */ = {
			isa = XCConfigurationList;
			buildConfigurations = (
				2F67D0B96E3FEB8CA325F953 /* debug */,
				CBB6FBFC6F0603264B7DD03C /* release */,
			);
			defaultConfigurationIsVisible = 1;
			defaultConfigurationName = debug;
		};
		61B74A76653AB34E196D8845 /* Build configuration list for PBXProject "Whiteboard" */ = {
			isa = XCConfigurationList;
			buildConfigurations = (
				48AF317B6B1BFC96A9B3F97E /* debug */,
				9DAFA0BE8FFCE54838E37D0F /* release */,
			);
			defaultConfigurationIsVisible = 1;
			defaultConfigurationName = debug;
		};
		7D7CA389C980295E6A417B9D /* Build configuration list for PBXAggregateTarget "Whiteboard Support" */ = {
			isa = XCConfigurationList;
			buildConfigurations = (
				E968F52A9C7574B4A8CF5963 /* debug */,
				826BFD2FB655F3EC3617D4CB /* release */,
			);
			defaultConfigurationIsVisible = 1;
			defaultConfigurationName = debug;
		};
/* End XCConfigurationList section */
	};
	rootObject = 67A2558140FC620D84B8A31D /* Project object */;
}
